// !$*UTF8*$!
{
	archiveVersion = 1;
	classes = {
	};
	objectVersion = 56;
	objects = {

/* Begin PBXBuildFile section */
		9E1765DE2B013B8C000B2121 /* AppDelegate.swift in Sources */ = {isa = PBXBuildFile; fileRef = 9E1765DD2B013B8C000B2121 /* AppDelegate.swift */; };
		9E1765E02B013B8C000B2121 /* SceneDelegate.swift in Sources */ = {isa = PBXBuildFile; fileRef = 9E1765DF2B013B8C000B2121 /* SceneDelegate.swift */; };
		9E1765E52B013B8C000B2121 /* Main.storyboard in Resources */ = {isa = PBXBuildFile; fileRef = 9E1765E32B013B8C000B2121 /* Main.storyboard */; };
		9E1765E72B013B8D000B2121 /* Assets.xcassets in Resources */ = {isa = PBXBuildFile; fileRef = 9E1765E62B013B8D000B2121 /* Assets.xcassets */; };
		9E1765EA2B013B8D000B2121 /* LaunchScreen.storyboard in Resources */ = {isa = PBXBuildFile; fileRef = 9E1765E82B013B8D000B2121 /* LaunchScreen.storyboard */; };
		9E1765F82B013BDA000B2121 /* RxBlocking in Frameworks */ = {isa = PBXBuildFile; productRef = 9E1765F72B013BDA000B2121 /* RxBlocking */; };
		9E1765FA2B013BDA000B2121 /* RxBlocking-Dynamic in Frameworks */ = {isa = PBXBuildFile; productRef = 9E1765F92B013BDA000B2121 /* RxBlocking-Dynamic */; };
		9E1765FC2B013BDA000B2121 /* RxCocoa in Frameworks */ = {isa = PBXBuildFile; productRef = 9E1765FB2B013BDA000B2121 /* RxCocoa */; };
		9E1765FE2B013BDA000B2121 /* RxCocoa-Dynamic in Frameworks */ = {isa = PBXBuildFile; productRef = 9E1765FD2B013BDA000B2121 /* RxCocoa-Dynamic */; };
		9E1766002B013BDA000B2121 /* RxRelay in Frameworks */ = {isa = PBXBuildFile; productRef = 9E1765FF2B013BDA000B2121 /* RxRelay */; };
		9E8D92A42B0CC209007955FE /* Binding.storyboard in Resources */ = {isa = PBXBuildFile; fileRef = 9E8D92A32B0CC209007955FE /* Binding.storyboard */; };
		9E8D92A62B0CC20D007955FE /* Traits.storyboard in Resources */ = {isa = PBXBuildFile; fileRef = 9E8D92A52B0CC20D007955FE /* Traits.storyboard */; };
		9E8D92AC2B0CC21B007955FE /* Signal.storyboard in Resources */ = {isa = PBXBuildFile; fileRef = 9E8D92AB2B0CC21B007955FE /* Signal.storyboard */; };
		9E8D92AE2B0CC21F007955FE /* TableView.storyboard in Resources */ = {isa = PBXBuildFile; fileRef = 9E8D92AD2B0CC21F007955FE /* TableView.storyboard */; };
		9E8D92B02B0CC223007955FE /* CollectionView.storyboard in Resources */ = {isa = PBXBuildFile; fileRef = 9E8D92AF2B0CC223007955FE /* CollectionView.storyboard */; };
		9E8D92B22B0CC228007955FE /* AlertController.storyboard in Resources */ = {isa = PBXBuildFile; fileRef = 9E8D92B12B0CC228007955FE /* AlertController.storyboard */; };
		9E8D92B42B0CC22E007955FE /* NotificationCenter.storyboard in Resources */ = {isa = PBXBuildFile; fileRef = 9E8D92B32B0CC22E007955FE /* NotificationCenter.storyboard */; };
		9E8D92B62B0CC232007955FE /* Gesture.storyboard in Resources */ = {isa = PBXBuildFile; fileRef = 9E8D92B52B0CC232007955FE /* Gesture.storyboard */; };
		9E8D92B82B0CC23A007955FE /* CustomBinding.storyboard in Resources */ = {isa = PBXBuildFile; fileRef = 9E8D92B72B0CC23A007955FE /* CustomBinding.storyboard */; };
		9E8D92BA2B0CC241007955FE /* CustomControlEvent.storyboard in Resources */ = {isa = PBXBuildFile; fileRef = 9E8D92B92B0CC241007955FE /* CustomControlEvent.storyboard */; };
		9E8D92BC2B0CC247007955FE /* CustomControlProperty.storyboard in Resources */ = {isa = PBXBuildFile; fileRef = 9E8D92BB2B0CC247007955FE /* CustomControlProperty.storyboard */; };
		9E8D92BE2B0CC24C007955FE /* DelegateProxy.storyboard in Resources */ = {isa = PBXBuildFile; fileRef = 9E8D92BD2B0CC24C007955FE /* DelegateProxy.storyboard */; };
		9E8D92C02B0CC291007955FE /* BindingViewController.swift in Sources */ = {isa = PBXBuildFile; fileRef = 9E8D92BF2B0CC291007955FE /* BindingViewController.swift */; };
		9E8D92C22B0CC298007955FE /* TraitsViewController.swift in Sources */ = {isa = PBXBuildFile; fileRef = 9E8D92C12B0CC298007955FE /* TraitsViewController.swift */; };
		9E8D92C82B0CC2A8007955FE /* SignalViewController.swift in Sources */ = {isa = PBXBuildFile; fileRef = 9E8D92C72B0CC2A8007955FE /* SignalViewController.swift */; };
		9E8D92CA2B0CC2AE007955FE /* TableViewViewController.swift in Sources */ = {isa = PBXBuildFile; fileRef = 9E8D92C92B0CC2AE007955FE /* TableViewViewController.swift */; };
		9E8D92CC2B0CC2B3007955FE /* CollectionViewViewController.swift in Sources */ = {isa = PBXBuildFile; fileRef = 9E8D92CB2B0CC2B3007955FE /* CollectionViewViewController.swift */; };
		9E8D92CE2B0CC2B7007955FE /* AlertViewController.swift in Sources */ = {isa = PBXBuildFile; fileRef = 9E8D92CD2B0CC2B7007955FE /* AlertViewController.swift */; };
		9E8D92D02B0CC2BD007955FE /* NotificationCenterViewController.swift in Sources */ = {isa = PBXBuildFile; fileRef = 9E8D92CF2B0CC2BD007955FE /* NotificationCenterViewController.swift */; };
		9E8D92D22B0CC2C2007955FE /* GestureViewController.swift in Sources */ = {isa = PBXBuildFile; fileRef = 9E8D92D12B0CC2C2007955FE /* GestureViewController.swift */; };
		9E8D92D42B0CC2C7007955FE /* CustomBindingViewController.swift in Sources */ = {isa = PBXBuildFile; fileRef = 9E8D92D32B0CC2C7007955FE /* CustomBindingViewController.swift */; };
		9E8D92D62B0CC2CE007955FE /* CustomControlEventViewController.swift in Sources */ = {isa = PBXBuildFile; fileRef = 9E8D92D52B0CC2CE007955FE /* CustomControlEventViewController.swift */; };
		9E8D92D82B0CC2D7007955FE /* CustomControlPropertyViewController.swift in Sources */ = {isa = PBXBuildFile; fileRef = 9E8D92D72B0CC2D7007955FE /* CustomControlPropertyViewController.swift */; };
		9E8D92DA2B0CC2DD007955FE /* DelegateProxyViewController.swift in Sources */ = {isa = PBXBuildFile; fileRef = 9E8D92D92B0CC2DD007955FE /* DelegateProxyViewController.swift */; };
		9ED2C9642B144E6A008E01F9 /* RxTableViewController.swift in Sources */ = {isa = PBXBuildFile; fileRef = 9ED2C9632B144E6A008E01F9 /* RxTableViewController.swift */; };
		9ED2C9662B144E6F008E01F9 /* RxCollectionViewController.swift in Sources */ = {isa = PBXBuildFile; fileRef = 9ED2C9652B144E6F008E01F9 /* RxCollectionViewController.swift */; };
		9ED2C9682B144E73008E01F9 /* RxTableView.storyboard in Resources */ = {isa = PBXBuildFile; fileRef = 9ED2C9672B144E73008E01F9 /* RxTableView.storyboard */; };
		9ED2C96A2B144E78008E01F9 /* RxCollectionView.storyboard in Resources */ = {isa = PBXBuildFile; fileRef = 9ED2C9692B144E78008E01F9 /* RxCollectionView.storyboard */; };
		9ED2C96E2B1454B1008E01F9 /* Differentiator in Frameworks */ = {isa = PBXBuildFile; productRef = 9ED2C96D2B1454B1008E01F9 /* Differentiator */; };
		9ED2C9702B1454B1008E01F9 /* RxDataSources in Frameworks */ = {isa = PBXBuildFile; productRef = 9ED2C96F2B1454B1008E01F9 /* RxDataSources */; };
		9ED2C9722B14553D008E01F9 /* TodoData.swift in Sources */ = {isa = PBXBuildFile; fileRef = 9ED2C9712B14553D008E01F9 /* TodoData.swift */; };
		9ED38D742B0CCBD90067AA14 /* TraitsViewModel.swift in Sources */ = {isa = PBXBuildFile; fileRef = 9ED38D732B0CCBD90067AA14 /* TraitsViewModel.swift */; };
		9ED38D762B0CD6C50067AA14 /* Product.swift in Sources */ = {isa = PBXBuildFile; fileRef = 9ED38D752B0CD6C50067AA14 /* Product.swift */; };
		9ED38D782B0CD6D40067AA14 /* MaterialColor.swift in Sources */ = {isa = PBXBuildFile; fileRef = 9ED38D772B0CD6D40067AA14 /* MaterialColor.swift */; };
		9ED38D7A2B0CD6DB0067AA14 /* ProductTableViewCell.swift in Sources */ = {isa = PBXBuildFile; fileRef = 9ED38D792B0CD6DB0067AA14 /* ProductTableViewCell.swift */; };
		9ED38D7C2B0CE99D0067AA14 /* TableViewModel.swift in Sources */ = {isa = PBXBuildFile; fileRef = 9ED38D7B2B0CE99D0067AA14 /* TableViewModel.swift */; };
		9ED38D7E2B0CF8D00067AA14 /* ColorCollectionViewCell.swift in Sources */ = {isa = PBXBuildFile; fileRef = 9ED38D7D2B0CF8D00067AA14 /* ColorCollectionViewCell.swift */; };
		9ED38D802B0CFB7E0067AA14 /* CollectionViewModel.swift in Sources */ = {isa = PBXBuildFile; fileRef = 9ED38D7F2B0CFB7E0067AA14 /* CollectionViewModel.swift */; };
		9ED38D822B0D92860067AA14 /* AlertViewModel.swift in Sources */ = {isa = PBXBuildFile; fileRef = 9ED38D812B0D92860067AA14 /* AlertViewModel.swift */; };
		9EEED4512B1579390044E88D /* RandomColor.swift in Sources */ = {isa = PBXBuildFile; fileRef = 9EEED4502B1579390044E88D /* RandomColor.swift */; };
		9EEED4532B158CEA0044E88D /* TitleReusableView.swift in Sources */ = {isa = PBXBuildFile; fileRef = 9EEED4522B158CEA0044E88D /* TitleReusableView.swift */; };
/* End PBXBuildFile section */

/* Begin PBXFileReference section */
		9E1765DA2B013B8C000B2121 /* HelloRxSwift.app */ = {isa = PBXFileReference; explicitFileType = wrapper.application; includeInIndex = 0; path = HelloRxSwift.app; sourceTree = BUILT_PRODUCTS_DIR; };
		9E1765DD2B013B8C000B2121 /* AppDelegate.swift */ = {isa = PBXFileReference; lastKnownFileType = sourcecode.swift; path = AppDelegate.swift; sourceTree = "<group>"; };
		9E1765DF2B013B8C000B2121 /* SceneDelegate.swift */ = {isa = PBXFileReference; lastKnownFileType = sourcecode.swift; path = SceneDelegate.swift; sourceTree = "<group>"; };
		9E1765E42B013B8C000B2121 /* Base */ = {isa = PBXFileReference; lastKnownFileType = file.storyboard; name = Base; path = Base.lproj/Main.storyboard; sourceTree = "<group>"; };
		9E1765E62B013B8D000B2121 /* Assets.xcassets */ = {isa = PBXFileReference; lastKnownFileType = folder.assetcatalog; path = Assets.xcassets; sourceTree = "<group>"; };
		9E1765E92B013B8D000B2121 /* Base */ = {isa = PBXFileReference; lastKnownFileType = file.storyboard; name = Base; path = Base.lproj/LaunchScreen.storyboard; sourceTree = "<group>"; };
		9E1765EB2B013B8D000B2121 /* Info.plist */ = {isa = PBXFileReference; lastKnownFileType = text.plist.xml; path = Info.plist; sourceTree = "<group>"; };
		9E1766012B013C17000B2121 /* HelloRxSwift.playground */ = {isa = PBXFileReference; lastKnownFileType = file.playground; path = HelloRxSwift.playground; sourceTree = "<group>"; xcLanguageSpecificationIdentifier = xcode.lang.swift; };
		9E1766022B013C72000B2121 /* Observable.playground */ = {isa = PBXFileReference; lastKnownFileType = file.playground; path = Observable.playground; sourceTree = "<group>"; xcLanguageSpecificationIdentifier = xcode.lang.swift; };
		9E17661F2B02392B000B2121 /* Observers.playground */ = {isa = PBXFileReference; lastKnownFileType = file.playground; path = Observers.playground; sourceTree = "<group>"; xcLanguageSpecificationIdentifier = xcode.lang.swift; };
		9E1766202B0239EA000B2121 /* Infallible.playground */ = {isa = PBXFileReference; lastKnownFileType = file.playground; path = Infallible.playground; sourceTree = "<group>"; xcLanguageSpecificationIdentifier = xcode.lang.swift; };
		9E1766212B023C88000B2121 /* Disposables.playground */ = {isa = PBXFileReference; lastKnownFileType = file.playground; path = Disposables.playground; sourceTree = "<group>"; xcLanguageSpecificationIdentifier = xcode.lang.swift; };
		9E1766232B023FDA000B2121 /* PublishSubject.playground */ = {isa = PBXFileReference; lastKnownFileType = file.playground; path = PublishSubject.playground; sourceTree = "<group>"; xcLanguageSpecificationIdentifier = xcode.lang.swift; };
		9E1766242B024391000B2121 /* BehaviorSubject.playground */ = {isa = PBXFileReference; lastKnownFileType = file.playground; path = BehaviorSubject.playground; sourceTree = "<group>"; xcLanguageSpecificationIdentifier = xcode.lang.swift; };
		9E3753422B038C9D0003DF02 /* repeatElement.playground */ = {isa = PBXFileReference; lastKnownFileType = file.playground; path = repeatElement.playground; sourceTree = "<group>"; xcLanguageSpecificationIdentifier = xcode.lang.swift; };
		9E3753432B0390910003DF02 /* deferred.playground */ = {isa = PBXFileReference; lastKnownFileType = file.playground; path = deferred.playground; sourceTree = "<group>"; xcLanguageSpecificationIdentifier = xcode.lang.swift; };
		9E3753442B0391E00003DF02 /* empty.playground */ = {isa = PBXFileReference; lastKnownFileType = file.playground; path = empty.playground; sourceTree = "<group>"; xcLanguageSpecificationIdentifier = xcode.lang.swift; };
		9E3753452B0391F80003DF02 /* create.playground */ = {isa = PBXFileReference; lastKnownFileType = file.playground; path = create.playground; sourceTree = "<group>"; xcLanguageSpecificationIdentifier = xcode.lang.swift; };
		9E3753462B03920A0003DF02 /* error.playground */ = {isa = PBXFileReference; lastKnownFileType = file.playground; path = error.playground; sourceTree = "<group>"; xcLanguageSpecificationIdentifier = xcode.lang.swift; };
		9E3753482B03B7E80003DF02 /* ignoreElements.playground */ = {isa = PBXFileReference; lastKnownFileType = file.playground; path = ignoreElements.playground; sourceTree = "<group>"; xcLanguageSpecificationIdentifier = xcode.lang.swift; };
		9E3753492B03B8D20003DF02 /* elementAt.playground */ = {isa = PBXFileReference; lastKnownFileType = file.playground; path = elementAt.playground; sourceTree = "<group>"; xcLanguageSpecificationIdentifier = xcode.lang.swift; };
		9E37534A2B03B9670003DF02 /* filter.playground */ = {isa = PBXFileReference; lastKnownFileType = file.playground; path = filter.playground; sourceTree = "<group>"; xcLanguageSpecificationIdentifier = xcode.lang.swift; };
		9E37534B2B03BA170003DF02 /* skip.playground */ = {isa = PBXFileReference; lastKnownFileType = file.playground; path = skip.playground; sourceTree = "<group>"; xcLanguageSpecificationIdentifier = xcode.lang.swift; };
		9E37534C2B03BB270003DF02 /* skipWhile.playground */ = {isa = PBXFileReference; lastKnownFileType = file.playground; path = skipWhile.playground; sourceTree = "<group>"; xcLanguageSpecificationIdentifier = xcode.lang.swift; };
		9E37534D2B03BCEC0003DF02 /* SkipUntil.playground */ = {isa = PBXFileReference; lastKnownFileType = file.playground; path = SkipUntil.playground; sourceTree = "<group>"; xcLanguageSpecificationIdentifier = xcode.lang.swift; };
		9E37534E2B03BEC70003DF02 /* skipDuration.playground */ = {isa = PBXFileReference; lastKnownFileType = file.playground; path = skipDuration.playground; sourceTree = "<group>"; xcLanguageSpecificationIdentifier = xcode.lang.swift; };
		9E3B5E2B2B08689500A49C95 /* startWith.playground */ = {isa = PBXFileReference; lastKnownFileType = file.playground; path = startWith.playground; sourceTree = "<group>"; xcLanguageSpecificationIdentifier = xcode.lang.swift; };
		9E3B5E2C2B0869E800A49C95 /* concat.playground */ = {isa = PBXFileReference; lastKnownFileType = file.playground; path = concat.playground; sourceTree = "<group>"; xcLanguageSpecificationIdentifier = xcode.lang.swift; };
		9E3B5E2D2B086B6200A49C95 /* merge.playground */ = {isa = PBXFileReference; lastKnownFileType = file.playground; path = merge.playground; sourceTree = "<group>"; xcLanguageSpecificationIdentifier = xcode.lang.swift; };
		9E3B5E2E2B08705000A49C95 /* combineLatest.playground */ = {isa = PBXFileReference; lastKnownFileType = file.playground; path = combineLatest.playground; sourceTree = "<group>"; xcLanguageSpecificationIdentifier = xcode.lang.swift; };
		9E3B5E2F2B08726D00A49C95 /* zip.playground */ = {isa = PBXFileReference; lastKnownFileType = file.playground; path = zip.playground; sourceTree = "<group>"; xcLanguageSpecificationIdentifier = xcode.lang.swift; };
		9E3B5E302B08C56200A49C95 /* withLatestFrom.playground */ = {isa = PBXFileReference; lastKnownFileType = file.playground; path = withLatestFrom.playground; sourceTree = "<group>"; xcLanguageSpecificationIdentifier = xcode.lang.swift; };
		9E3B5E312B08C72D00A49C95 /* sample.playground */ = {isa = PBXFileReference; lastKnownFileType = file.playground; path = sample.playground; sourceTree = "<group>"; xcLanguageSpecificationIdentifier = xcode.lang.swift; };
		9E3B5E322B08CA4500A49C95 /* switchLatest.playground */ = {isa = PBXFileReference; lastKnownFileType = file.playground; path = switchLatest.playground; sourceTree = "<group>"; xcLanguageSpecificationIdentifier = xcode.lang.swift; };
		9E3B5E332B08CFCA00A49C95 /* reduce.playground */ = {isa = PBXFileReference; lastKnownFileType = file.playground; path = reduce.playground; sourceTree = "<group>"; xcLanguageSpecificationIdentifier = xcode.lang.swift; };
		9E3B5E352B08D0AA00A49C95 /* amb.playground */ = {isa = PBXFileReference; lastKnownFileType = file.playground; path = amb.playground; sourceTree = "<group>"; xcLanguageSpecificationIdentifier = xcode.lang.swift; };
		9E3B5E362B08D33B00A49C95 /* interval.playground */ = {isa = PBXFileReference; lastKnownFileType = file.playground; path = interval.playground; sourceTree = "<group>"; xcLanguageSpecificationIdentifier = xcode.lang.swift; };
		9E3B5E372B08D48000A49C95 /* timer.playground */ = {isa = PBXFileReference; lastKnownFileType = file.playground; path = timer.playground; sourceTree = "<group>"; xcLanguageSpecificationIdentifier = xcode.lang.swift; };
		9E3B5E382B08D69900A49C95 /* timeout.playground */ = {isa = PBXFileReference; lastKnownFileType = file.playground; path = timeout.playground; sourceTree = "<group>"; xcLanguageSpecificationIdentifier = xcode.lang.swift; };
		9E3B5E392B08D9A400A49C95 /* delay.playground */ = {isa = PBXFileReference; lastKnownFileType = file.playground; path = delay.playground; sourceTree = "<group>"; xcLanguageSpecificationIdentifier = xcode.lang.swift; };
		9E7660762B06433E00E4C8B5 /* take.playground */ = {isa = PBXFileReference; lastKnownFileType = file.playground; path = take.playground; sourceTree = "<group>"; xcLanguageSpecificationIdentifier = xcode.lang.swift; };
		9E7660772B0643CB00E4C8B5 /* takeWhile.playground */ = {isa = PBXFileReference; lastKnownFileType = file.playground; path = takeWhile.playground; sourceTree = "<group>"; xcLanguageSpecificationIdentifier = xcode.lang.swift; };
		9E7660782B06453F00E4C8B5 /* takeUntil.playground */ = {isa = PBXFileReference; lastKnownFileType = file.playground; path = takeUntil.playground; sourceTree = "<group>"; xcLanguageSpecificationIdentifier = xcode.lang.swift; };
		9E7660792B06465500E4C8B5 /* takeLast.playground */ = {isa = PBXFileReference; lastKnownFileType = file.playground; path = takeLast.playground; sourceTree = "<group>"; xcLanguageSpecificationIdentifier = xcode.lang.swift; };
		9E76607A2B06481400E4C8B5 /* takeFor.playground */ = {isa = PBXFileReference; lastKnownFileType = file.playground; path = takeFor.playground; sourceTree = "<group>"; xcLanguageSpecificationIdentifier = xcode.lang.swift; };
		9E76607B2B06495800E4C8B5 /* single.playground */ = {isa = PBXFileReference; lastKnownFileType = file.playground; path = single.playground; sourceTree = "<group>"; xcLanguageSpecificationIdentifier = xcode.lang.swift; };
		9E76607C2B064BA000E4C8B5 /* distinctUntilChanged.playground */ = {isa = PBXFileReference; lastKnownFileType = file.playground; path = distinctUntilChanged.playground; sourceTree = "<group>"; xcLanguageSpecificationIdentifier = xcode.lang.swift; };
		9E76607D2B064F5E00E4C8B5 /* debounce.playground */ = {isa = PBXFileReference; lastKnownFileType = file.playground; path = debounce.playground; sourceTree = "<group>"; xcLanguageSpecificationIdentifier = xcode.lang.swift; };
		9E76607E2B06517A00E4C8B5 /* throttle.playground */ = {isa = PBXFileReference; lastKnownFileType = file.playground; path = throttle.playground; sourceTree = "<group>"; xcLanguageSpecificationIdentifier = xcode.lang.swift; };
		9E7660802B0654A200E4C8B5 /* toArray.playground */ = {isa = PBXFileReference; lastKnownFileType = file.playground; path = toArray.playground; sourceTree = "<group>"; xcLanguageSpecificationIdentifier = xcode.lang.swift; };
		9E7660812B0656F300E4C8B5 /* map.playground */ = {isa = PBXFileReference; lastKnownFileType = file.playground; path = map.playground; sourceTree = "<group>"; xcLanguageSpecificationIdentifier = xcode.lang.swift; };
		9E8D92A32B0CC209007955FE /* Binding.storyboard */ = {isa = PBXFileReference; lastKnownFileType = file.storyboard; path = Binding.storyboard; sourceTree = "<group>"; };
		9E8D92A52B0CC20D007955FE /* Traits.storyboard */ = {isa = PBXFileReference; lastKnownFileType = file.storyboard; path = Traits.storyboard; sourceTree = "<group>"; };
		9E8D92AB2B0CC21B007955FE /* Signal.storyboard */ = {isa = PBXFileReference; lastKnownFileType = file.storyboard; path = Signal.storyboard; sourceTree = "<group>"; };
		9E8D92AD2B0CC21F007955FE /* TableView.storyboard */ = {isa = PBXFileReference; lastKnownFileType = file.storyboard; path = TableView.storyboard; sourceTree = "<group>"; };
		9E8D92AF2B0CC223007955FE /* CollectionView.storyboard */ = {isa = PBXFileReference; lastKnownFileType = file.storyboard; path = CollectionView.storyboard; sourceTree = "<group>"; };
		9E8D92B12B0CC228007955FE /* AlertController.storyboard */ = {isa = PBXFileReference; lastKnownFileType = file.storyboard; path = AlertController.storyboard; sourceTree = "<group>"; };
		9E8D92B32B0CC22E007955FE /* NotificationCenter.storyboard */ = {isa = PBXFileReference; lastKnownFileType = file.storyboard; path = NotificationCenter.storyboard; sourceTree = "<group>"; };
		9E8D92B52B0CC232007955FE /* Gesture.storyboard */ = {isa = PBXFileReference; lastKnownFileType = file.storyboard; path = Gesture.storyboard; sourceTree = "<group>"; };
		9E8D92B72B0CC23A007955FE /* CustomBinding.storyboard */ = {isa = PBXFileReference; lastKnownFileType = file.storyboard; path = CustomBinding.storyboard; sourceTree = "<group>"; };
		9E8D92B92B0CC241007955FE /* CustomControlEvent.storyboard */ = {isa = PBXFileReference; lastKnownFileType = file.storyboard; path = CustomControlEvent.storyboard; sourceTree = "<group>"; };
		9E8D92BB2B0CC247007955FE /* CustomControlProperty.storyboard */ = {isa = PBXFileReference; lastKnownFileType = file.storyboard; path = CustomControlProperty.storyboard; sourceTree = "<group>"; };
		9E8D92BD2B0CC24C007955FE /* DelegateProxy.storyboard */ = {isa = PBXFileReference; lastKnownFileType = file.storyboard; path = DelegateProxy.storyboard; sourceTree = "<group>"; };
		9E8D92BF2B0CC291007955FE /* BindingViewController.swift */ = {isa = PBXFileReference; lastKnownFileType = sourcecode.swift; path = BindingViewController.swift; sourceTree = "<group>"; };
		9E8D92C12B0CC298007955FE /* TraitsViewController.swift */ = {isa = PBXFileReference; lastKnownFileType = sourcecode.swift; path = TraitsViewController.swift; sourceTree = "<group>"; };
		9E8D92C72B0CC2A8007955FE /* SignalViewController.swift */ = {isa = PBXFileReference; lastKnownFileType = sourcecode.swift; path = SignalViewController.swift; sourceTree = "<group>"; };
		9E8D92C92B0CC2AE007955FE /* TableViewViewController.swift */ = {isa = PBXFileReference; lastKnownFileType = sourcecode.swift; path = TableViewViewController.swift; sourceTree = "<group>"; };
		9E8D92CB2B0CC2B3007955FE /* CollectionViewViewController.swift */ = {isa = PBXFileReference; lastKnownFileType = sourcecode.swift; path = CollectionViewViewController.swift; sourceTree = "<group>"; };
		9E8D92CD2B0CC2B7007955FE /* AlertViewController.swift */ = {isa = PBXFileReference; lastKnownFileType = sourcecode.swift; path = AlertViewController.swift; sourceTree = "<group>"; };
		9E8D92CF2B0CC2BD007955FE /* NotificationCenterViewController.swift */ = {isa = PBXFileReference; lastKnownFileType = sourcecode.swift; path = NotificationCenterViewController.swift; sourceTree = "<group>"; };
		9E8D92D12B0CC2C2007955FE /* GestureViewController.swift */ = {isa = PBXFileReference; lastKnownFileType = sourcecode.swift; path = GestureViewController.swift; sourceTree = "<group>"; };
		9E8D92D32B0CC2C7007955FE /* CustomBindingViewController.swift */ = {isa = PBXFileReference; lastKnownFileType = sourcecode.swift; path = CustomBindingViewController.swift; sourceTree = "<group>"; };
		9E8D92D52B0CC2CE007955FE /* CustomControlEventViewController.swift */ = {isa = PBXFileReference; lastKnownFileType = sourcecode.swift; path = CustomControlEventViewController.swift; sourceTree = "<group>"; };
		9E8D92D72B0CC2D7007955FE /* CustomControlPropertyViewController.swift */ = {isa = PBXFileReference; lastKnownFileType = sourcecode.swift; path = CustomControlPropertyViewController.swift; sourceTree = "<group>"; };
		9E8D92D92B0CC2DD007955FE /* DelegateProxyViewController.swift */ = {isa = PBXFileReference; lastKnownFileType = sourcecode.swift; path = DelegateProxyViewController.swift; sourceTree = "<group>"; };
		9EAA47662B0659AA00B7387B /* compactMap.playground */ = {isa = PBXFileReference; lastKnownFileType = file.playground; path = compactMap.playground; sourceTree = "<group>"; xcLanguageSpecificationIdentifier = xcode.lang.swift; };
		9EB07C1C2B037BD500E39198 /* ReplaySubject.playground */ = {isa = PBXFileReference; lastKnownFileType = file.playground; path = ReplaySubject.playground; sourceTree = "<group>"; xcLanguageSpecificationIdentifier = xcode.lang.swift; };
		9EB07C1D2B037DC700E39198 /* AsyncSubject.playground */ = {isa = PBXFileReference; lastKnownFileType = file.playground; path = AsyncSubject.playground; sourceTree = "<group>"; xcLanguageSpecificationIdentifier = xcode.lang.swift; };
		9EB07C1E2B037FD300E39198 /* Relay.playground */ = {isa = PBXFileReference; lastKnownFileType = file.playground; path = Relay.playground; sourceTree = "<group>"; xcLanguageSpecificationIdentifier = xcode.lang.swift; };
		9EB07C202B0383DB00E39198 /* just.playground */ = {isa = PBXFileReference; lastKnownFileType = file.playground; path = just.playground; sourceTree = "<group>"; xcLanguageSpecificationIdentifier = xcode.lang.swift; };
		9EB07C212B0385A800E39198 /* of.playground */ = {isa = PBXFileReference; lastKnownFileType = file.playground; path = of.playground; sourceTree = "<group>"; xcLanguageSpecificationIdentifier = xcode.lang.swift; };
		9EB07C222B03869B00E39198 /* from.playground */ = {isa = PBXFileReference; lastKnownFileType = file.playground; path = from.playground; sourceTree = "<group>"; xcLanguageSpecificationIdentifier = xcode.lang.swift; };
		9EB07C232B03874300E39198 /* generate.playground */ = {isa = PBXFileReference; lastKnownFileType = file.playground; path = generate.playground; sourceTree = "<group>"; xcLanguageSpecificationIdentifier = xcode.lang.swift; };
		9EB07C242B03875700E39198 /* range.playground */ = {isa = PBXFileReference; lastKnownFileType = file.playground; path = range.playground; sourceTree = "<group>"; xcLanguageSpecificationIdentifier = xcode.lang.swift; };
		9EC8BFB82B065CBD003FD50D /* flatMap.playground */ = {isa = PBXFileReference; lastKnownFileType = file.playground; path = flatMap.playground; sourceTree = "<group>"; xcLanguageSpecificationIdentifier = xcode.lang.swift; };
		9EC8BFB92B065FB7003FD50D /* flatMapFirst.playground */ = {isa = PBXFileReference; lastKnownFileType = file.playground; path = flatMapFirst.playground; sourceTree = "<group>"; xcLanguageSpecificationIdentifier = xcode.lang.swift; };
		9EC8BFBA2B0660DB003FD50D /* flatMapLatest.playground */ = {isa = PBXFileReference; lastKnownFileType = file.playground; path = flatMapLatest.playground; sourceTree = "<group>"; xcLanguageSpecificationIdentifier = xcode.lang.swift; };
		9EC8BFBB2B0661C3003FD50D /* concatMap.playground */ = {isa = PBXFileReference; lastKnownFileType = file.playground; path = concatMap.playground; sourceTree = "<group>"; xcLanguageSpecificationIdentifier = xcode.lang.swift; };
		9EC8BFBC2B0662B3003FD50D /* scan.playground */ = {isa = PBXFileReference; lastKnownFileType = file.playground; path = scan.playground; sourceTree = "<group>"; xcLanguageSpecificationIdentifier = xcode.lang.swift; };
		9EC8BFBD2B0663A9003FD50D /* buffer.playground */ = {isa = PBXFileReference; lastKnownFileType = file.playground; path = buffer.playground; sourceTree = "<group>"; xcLanguageSpecificationIdentifier = xcode.lang.swift; };
		9EC8BFBE2B0664DB003FD50D /* window.playground */ = {isa = PBXFileReference; lastKnownFileType = file.playground; path = window.playground; sourceTree = "<group>"; xcLanguageSpecificationIdentifier = xcode.lang.swift; };
		9EC8BFBF2B066773003FD50D /* groupBy.playground */ = {isa = PBXFileReference; lastKnownFileType = file.playground; path = groupBy.playground; sourceTree = "<group>"; xcLanguageSpecificationIdentifier = xcode.lang.swift; };
		9ED2C9632B144E6A008E01F9 /* RxTableViewController.swift */ = {isa = PBXFileReference; lastKnownFileType = sourcecode.swift; path = RxTableViewController.swift; sourceTree = "<group>"; };
		9ED2C9652B144E6F008E01F9 /* RxCollectionViewController.swift */ = {isa = PBXFileReference; lastKnownFileType = sourcecode.swift; path = RxCollectionViewController.swift; sourceTree = "<group>"; };
		9ED2C9672B144E73008E01F9 /* RxTableView.storyboard */ = {isa = PBXFileReference; lastKnownFileType = file.storyboard; path = RxTableView.storyboard; sourceTree = "<group>"; };
		9ED2C9692B144E78008E01F9 /* RxCollectionView.storyboard */ = {isa = PBXFileReference; lastKnownFileType = file.storyboard; path = RxCollectionView.storyboard; sourceTree = "<group>"; };
		9ED2C9712B14553D008E01F9 /* TodoData.swift */ = {isa = PBXFileReference; lastKnownFileType = sourcecode.swift; path = TodoData.swift; sourceTree = "<group>"; };
		9ED38D732B0CCBD90067AA14 /* TraitsViewModel.swift */ = {isa = PBXFileReference; lastKnownFileType = sourcecode.swift; path = TraitsViewModel.swift; sourceTree = "<group>"; };
		9ED38D752B0CD6C50067AA14 /* Product.swift */ = {isa = PBXFileReference; fileEncoding = 4; lastKnownFileType = sourcecode.swift; path = Product.swift; sourceTree = "<group>"; };
		9ED38D772B0CD6D40067AA14 /* MaterialColor.swift */ = {isa = PBXFileReference; fileEncoding = 4; lastKnownFileType = sourcecode.swift; path = MaterialColor.swift; sourceTree = "<group>"; };
		9ED38D792B0CD6DB0067AA14 /* ProductTableViewCell.swift */ = {isa = PBXFileReference; fileEncoding = 4; lastKnownFileType = sourcecode.swift; path = ProductTableViewCell.swift; sourceTree = "<group>"; };
		9ED38D7B2B0CE99D0067AA14 /* TableViewModel.swift */ = {isa = PBXFileReference; lastKnownFileType = sourcecode.swift; path = TableViewModel.swift; sourceTree = "<group>"; };
		9ED38D7D2B0CF8D00067AA14 /* ColorCollectionViewCell.swift */ = {isa = PBXFileReference; fileEncoding = 4; lastKnownFileType = sourcecode.swift; path = ColorCollectionViewCell.swift; sourceTree = "<group>"; };
		9ED38D7F2B0CFB7E0067AA14 /* CollectionViewModel.swift */ = {isa = PBXFileReference; lastKnownFileType = sourcecode.swift; path = CollectionViewModel.swift; sourceTree = "<group>"; };
		9ED38D812B0D92860067AA14 /* AlertViewModel.swift */ = {isa = PBXFileReference; lastKnownFileType = sourcecode.swift; path = AlertViewModel.swift; sourceTree = "<group>"; };
		9EE7FFF52B0AF4FC00E51E36 /* multicast.playground */ = {isa = PBXFileReference; lastKnownFileType = file.playground; path = multicast.playground; sourceTree = "<group>"; xcLanguageSpecificationIdentifier = xcode.lang.swift; };
		9EE7FFF62B0AFBA600E51E36 /* publish.playground */ = {isa = PBXFileReference; lastKnownFileType = file.playground; path = publish.playground; sourceTree = "<group>"; xcLanguageSpecificationIdentifier = xcode.lang.swift; };
		9EE7FFF72B0AFD2200E51E36 /* refCount.playground */ = {isa = PBXFileReference; lastKnownFileType = file.playground; path = refCount.playground; sourceTree = "<group>"; xcLanguageSpecificationIdentifier = xcode.lang.swift; };
		9EE7FFF82B0AFFD000E51E36 /* share.playground */ = {isa = PBXFileReference; lastKnownFileType = file.playground; path = share.playground; sourceTree = "<group>"; xcLanguageSpecificationIdentifier = xcode.lang.swift; };
		9EE7FFFA2B0B01B800E51E36 /* schedular.playground */ = {isa = PBXFileReference; lastKnownFileType = file.playground; path = schedular.playground; sourceTree = "<group>"; xcLanguageSpecificationIdentifier = xcode.lang.swift; };
		9EE7FFFC2B0B126900E51E36 /* catch.playground */ = {isa = PBXFileReference; lastKnownFileType = file.playground; path = catch.playground; sourceTree = "<group>"; xcLanguageSpecificationIdentifier = xcode.lang.swift; };
		9EE7FFFD2B0B162900E51E36 /* catchAndReturn .playground */ = {isa = PBXFileReference; lastKnownFileType = file.playground; path = "catchAndReturn .playground"; sourceTree = "<group>"; xcLanguageSpecificationIdentifier = xcode.lang.swift; };
		9EE7FFFE2B0B168800E51E36 /* retry.playground */ = {isa = PBXFileReference; lastKnownFileType = file.playground; path = retry.playground; sourceTree = "<group>"; xcLanguageSpecificationIdentifier = xcode.lang.swift; };
		9EE7FFFF2B0B174E00E51E36 /* retryWhen.playground */ = {isa = PBXFileReference; lastKnownFileType = file.playground; path = retryWhen.playground; sourceTree = "<group>"; xcLanguageSpecificationIdentifier = xcode.lang.swift; };
		9EEED4502B1579390044E88D /* RandomColor.swift */ = {isa = PBXFileReference; lastKnownFileType = sourcecode.swift; path = RandomColor.swift; sourceTree = "<group>"; };
		9EEED4522B158CEA0044E88D /* TitleReusableView.swift */ = {isa = PBXFileReference; lastKnownFileType = sourcecode.swift; path = TitleReusableView.swift; sourceTree = "<group>"; };
/* End PBXFileReference section */

/* Begin PBXFrameworksBuildPhase section */
		9E1765D72B013B8C000B2121 /* Frameworks */ = {
			isa = PBXFrameworksBuildPhase;
			buildActionMask = 2147483647;
			files = (
				9E1766002B013BDA000B2121 /* RxRelay in Frameworks */,
				9E1765FE2B013BDA000B2121 /* RxCocoa-Dynamic in Frameworks */,
				9E1765FC2B013BDA000B2121 /* RxCocoa in Frameworks */,
				9E1765F82B013BDA000B2121 /* RxBlocking in Frameworks */,
				9ED2C9702B1454B1008E01F9 /* RxDataSources in Frameworks */,
				9ED2C96E2B1454B1008E01F9 /* Differentiator in Frameworks */,
				9E1765FA2B013BDA000B2121 /* RxBlocking-Dynamic in Frameworks */,
			);
			runOnlyForDeploymentPostprocessing = 0;
		};
/* End PBXFrameworksBuildPhase section */

/* Begin PBXGroup section */
		9E1765D12B013B8C000B2121 = {
			isa = PBXGroup;
			children = (
				9E1765DC2B013B8C000B2121 /* HelloRxSwift */,
				9E1765DB2B013B8C000B2121 /* Products */,
			);
			sourceTree = "<group>";
		};
		9E1765DB2B013B8C000B2121 /* Products */ = {
			isa = PBXGroup;
			children = (
				9E1765DA2B013B8C000B2121 /* HelloRxSwift.app */,
			);
			name = Products;
			sourceTree = "<group>";
		};
		9E1765DC2B013B8C000B2121 /* HelloRxSwift */ = {
			isa = PBXGroup;
			children = (
				9E8D92922B0CBFFA007955FE /* Model */,
				9E1765F32B013BAF000B2121 /* Hello */,
				9E1765F42B013BB8000B2121 /* Observable */,
				9E1766222B023F9E000B2121 /* Subject */,
				9EB07C1F2B03830C00E39198 /* Creating Operators */,
				9E3753472B03B7AB0003DF02 /* Filtering Operators */,
				9E76607F2B06546900E4C8B5 /* Transforming Operators */,
				9E3B5E2A2B08687500A49C95 /* Combining Operators */,
				9E3B5E342B08D09800A49C95 /* Conditional Operators */,
				9E1765F22B013B9C000B2121 /* TimeBased Operators */,
				9EE7FFF42B0AF29B00E51E36 /* Sharing Subscription */,
				9EE7FFF92B0B01A900E51E36 /* Schedular */,
				9EE7FFFB2B0B125D00E51E36 /* Error Handling */,
				9E1765F12B013B95000B2121 /* RxCocoa */,
				9E1765E62B013B8D000B2121 /* Assets.xcassets */,
				9E1765E82B013B8D000B2121 /* LaunchScreen.storyboard */,
				9E1765EB2B013B8D000B2121 /* Info.plist */,
				9E1765DD2B013B8C000B2121 /* AppDelegate.swift */,
				9E1765DF2B013B8C000B2121 /* SceneDelegate.swift */,
			);
			path = HelloRxSwift;
			sourceTree = "<group>";
		};
		9E1765F12B013B95000B2121 /* RxCocoa */ = {
			isa = PBXGroup;
			children = (
				9E1765E32B013B8C000B2121 /* Main.storyboard */,
				9E8D92DD2B0CC343007955FE /* Basic */,
				9E8D92DC2B0CC331007955FE /* ViewController */,
				9E8D92DB2B0CC321007955FE /* Custom */,
				9ED2C9602B144D25008E01F9 /* RxDatasource */,
			);
			path = RxCocoa;
			sourceTree = "<group>";
		};
		9E1765F22B013B9C000B2121 /* TimeBased Operators */ = {
			isa = PBXGroup;
			children = (
				9E3B5E362B08D33B00A49C95 /* interval.playground */,
				9E3B5E372B08D48000A49C95 /* timer.playground */,
				9E3B5E382B08D69900A49C95 /* timeout.playground */,
				9E3B5E392B08D9A400A49C95 /* delay.playground */,
			);
			path = "TimeBased Operators";
			sourceTree = "<group>";
		};
		9E1765F32B013BAF000B2121 /* Hello */ = {
			isa = PBXGroup;
			children = (
				9E1766012B013C17000B2121 /* HelloRxSwift.playground */,
			);
			path = Hello;
			sourceTree = "<group>";
		};
		9E1765F42B013BB8000B2121 /* Observable */ = {
			isa = PBXGroup;
			children = (
				9E1766022B013C72000B2121 /* Observable.playground */,
				9E17661F2B02392B000B2121 /* Observers.playground */,
				9E1766202B0239EA000B2121 /* Infallible.playground */,
				9E1766212B023C88000B2121 /* Disposables.playground */,
			);
			path = Observable;
			sourceTree = "<group>";
		};
		9E1766222B023F9E000B2121 /* Subject */ = {
			isa = PBXGroup;
			children = (
				9E1766232B023FDA000B2121 /* PublishSubject.playground */,
				9E1766242B024391000B2121 /* BehaviorSubject.playground */,
				9EB07C1C2B037BD500E39198 /* ReplaySubject.playground */,
				9EB07C1D2B037DC700E39198 /* AsyncSubject.playground */,
				9EB07C1E2B037FD300E39198 /* Relay.playground */,
			);
			path = Subject;
			sourceTree = "<group>";
		};
		9E3753472B03B7AB0003DF02 /* Filtering Operators */ = {
			isa = PBXGroup;
			children = (
				9E3753482B03B7E80003DF02 /* ignoreElements.playground */,
				9E3753492B03B8D20003DF02 /* elementAt.playground */,
				9E37534A2B03B9670003DF02 /* filter.playground */,
				9E37534B2B03BA170003DF02 /* skip.playground */,
				9E37534C2B03BB270003DF02 /* skipWhile.playground */,
				9E37534D2B03BCEC0003DF02 /* SkipUntil.playground */,
				9E37534E2B03BEC70003DF02 /* skipDuration.playground */,
				9E7660762B06433E00E4C8B5 /* take.playground */,
				9E7660772B0643CB00E4C8B5 /* takeWhile.playground */,
				9E7660782B06453F00E4C8B5 /* takeUntil.playground */,
				9E7660792B06465500E4C8B5 /* takeLast.playground */,
				9E76607A2B06481400E4C8B5 /* takeFor.playground */,
				9E76607B2B06495800E4C8B5 /* single.playground */,
				9E76607C2B064BA000E4C8B5 /* distinctUntilChanged.playground */,
				9E76607D2B064F5E00E4C8B5 /* debounce.playground */,
				9E76607E2B06517A00E4C8B5 /* throttle.playground */,
			);
			path = "Filtering Operators";
			sourceTree = "<group>";
		};
		9E3B5E2A2B08687500A49C95 /* Combining Operators */ = {
			isa = PBXGroup;
			children = (
				9E3B5E2B2B08689500A49C95 /* startWith.playground */,
				9E3B5E2C2B0869E800A49C95 /* concat.playground */,
				9E3B5E2D2B086B6200A49C95 /* merge.playground */,
				9E3B5E2E2B08705000A49C95 /* combineLatest.playground */,
				9E3B5E2F2B08726D00A49C95 /* zip.playground */,
				9E3B5E302B08C56200A49C95 /* withLatestFrom.playground */,
				9E3B5E312B08C72D00A49C95 /* sample.playground */,
				9E3B5E322B08CA4500A49C95 /* switchLatest.playground */,
				9E3B5E332B08CFCA00A49C95 /* reduce.playground */,
			);
			path = "Combining Operators";
			sourceTree = "<group>";
		};
		9E3B5E342B08D09800A49C95 /* Conditional Operators */ = {
			isa = PBXGroup;
			children = (
				9E3B5E352B08D0AA00A49C95 /* amb.playground */,
			);
			path = "Conditional Operators";
			sourceTree = "<group>";
		};
		9E76607F2B06546900E4C8B5 /* Transforming Operators */ = {
			isa = PBXGroup;
			children = (
				9E7660802B0654A200E4C8B5 /* toArray.playground */,
				9E7660812B0656F300E4C8B5 /* map.playground */,
				9EAA47662B0659AA00B7387B /* compactMap.playground */,
				9EC8BFB82B065CBD003FD50D /* flatMap.playground */,
				9EC8BFB92B065FB7003FD50D /* flatMapFirst.playground */,
				9EC8BFBA2B0660DB003FD50D /* flatMapLatest.playground */,
				9EC8BFBB2B0661C3003FD50D /* concatMap.playground */,
				9EC8BFBC2B0662B3003FD50D /* scan.playground */,
				9EC8BFBD2B0663A9003FD50D /* buffer.playground */,
				9EC8BFBE2B0664DB003FD50D /* window.playground */,
				9EC8BFBF2B066773003FD50D /* groupBy.playground */,
			);
			path = "Transforming Operators";
			sourceTree = "<group>";
		};
		9E8D92922B0CBFFA007955FE /* Model */ = {
			isa = PBXGroup;
			children = (
				9ED38D752B0CD6C50067AA14 /* Product.swift */,
				9ED38D772B0CD6D40067AA14 /* MaterialColor.swift */,
			);
			path = Model;
			sourceTree = "<group>";
		};
		9E8D92952B0CC1A4007955FE /* Delegate Proxy */ = {
			isa = PBXGroup;
			children = (
				9E8D92BD2B0CC24C007955FE /* DelegateProxy.storyboard */,
				9E8D92D92B0CC2DD007955FE /* DelegateProxyViewController.swift */,
			);
			path = "Delegate Proxy";
			sourceTree = "<group>";
		};
		9E8D92962B0CC1A9007955FE /* Custom ControlProperty */ = {
			isa = PBXGroup;
			children = (
				9E8D92BB2B0CC247007955FE /* CustomControlProperty.storyboard */,
				9E8D92D72B0CC2D7007955FE /* CustomControlPropertyViewController.swift */,
			);
			path = "Custom ControlProperty";
			sourceTree = "<group>";
		};
		9E8D92972B0CC1BF007955FE /* Custom ConstrolEvent */ = {
			isa = PBXGroup;
			children = (
				9E8D92B92B0CC241007955FE /* CustomControlEvent.storyboard */,
				9E8D92D52B0CC2CE007955FE /* CustomControlEventViewController.swift */,
			);
			path = "Custom ConstrolEvent";
			sourceTree = "<group>";
		};
		9E8D92982B0CC1C9007955FE /* Custom Binding */ = {
			isa = PBXGroup;
			children = (
				9E8D92B72B0CC23A007955FE /* CustomBinding.storyboard */,
				9E8D92D32B0CC2C7007955FE /* CustomBindingViewController.swift */,
			);
			path = "Custom Binding";
			sourceTree = "<group>";
		};
		9E8D92992B0CC1CE007955FE /* Gesture */ = {
			isa = PBXGroup;
			children = (
				9E8D92B52B0CC232007955FE /* Gesture.storyboard */,
				9E8D92D12B0CC2C2007955FE /* GestureViewController.swift */,
			);
			path = Gesture;
			sourceTree = "<group>";
		};
		9E8D929A2B0CC1D2007955FE /* NotificationCenter */ = {
			isa = PBXGroup;
			children = (
				9E8D92B32B0CC22E007955FE /* NotificationCenter.storyboard */,
				9E8D92CF2B0CC2BD007955FE /* NotificationCenterViewController.swift */,
			);
			path = NotificationCenter;
			sourceTree = "<group>";
		};
		9E8D929B2B0CC1D7007955FE /* AlertController */ = {
			isa = PBXGroup;
			children = (
				9E8D92B12B0CC228007955FE /* AlertController.storyboard */,
				9E8D92CD2B0CC2B7007955FE /* AlertViewController.swift */,
				9ED38D812B0D92860067AA14 /* AlertViewModel.swift */,
			);
			path = AlertController;
			sourceTree = "<group>";
		};
		9E8D929C2B0CC1E0007955FE /* CollectionView */ = {
			isa = PBXGroup;
			children = (
				9E8D92AF2B0CC223007955FE /* CollectionView.storyboard */,
				9E8D92CB2B0CC2B3007955FE /* CollectionViewViewController.swift */,
				9ED38D7D2B0CF8D00067AA14 /* ColorCollectionViewCell.swift */,
				9ED38D7F2B0CFB7E0067AA14 /* CollectionViewModel.swift */,
			);
			path = CollectionView;
			sourceTree = "<group>";
		};
		9E8D929D2B0CC1E8007955FE /* TableView */ = {
			isa = PBXGroup;
			children = (
				9E8D92AD2B0CC21F007955FE /* TableView.storyboard */,
				9E8D92C92B0CC2AE007955FE /* TableViewViewController.swift */,
				9ED38D792B0CD6DB0067AA14 /* ProductTableViewCell.swift */,
				9ED38D7B2B0CE99D0067AA14 /* TableViewModel.swift */,
			);
			path = TableView;
			sourceTree = "<group>";
		};
		9E8D929E2B0CC1EC007955FE /* Signal */ = {
			isa = PBXGroup;
			children = (
				9E8D92AB2B0CC21B007955FE /* Signal.storyboard */,
				9E8D92C72B0CC2A8007955FE /* SignalViewController.swift */,
			);
			path = Signal;
			sourceTree = "<group>";
		};
		9E8D92A12B0CC1F8007955FE /* Traits */ = {
			isa = PBXGroup;
			children = (
				9E8D92A52B0CC20D007955FE /* Traits.storyboard */,
				9E8D92C12B0CC298007955FE /* TraitsViewController.swift */,
				9ED38D732B0CCBD90067AA14 /* TraitsViewModel.swift */,
			);
			path = Traits;
			sourceTree = "<group>";
		};
		9E8D92A22B0CC1FC007955FE /* Binding */ = {
			isa = PBXGroup;
			children = (
				9E8D92A32B0CC209007955FE /* Binding.storyboard */,
				9E8D92BF2B0CC291007955FE /* BindingViewController.swift */,
			);
			path = Binding;
			sourceTree = "<group>";
		};
		9E8D92DB2B0CC321007955FE /* Custom */ = {
			isa = PBXGroup;
			children = (
				9E8D92982B0CC1C9007955FE /* Custom Binding */,
				9E8D92972B0CC1BF007955FE /* Custom ConstrolEvent */,
				9E8D92962B0CC1A9007955FE /* Custom ControlProperty */,
				9E8D92952B0CC1A4007955FE /* Delegate Proxy */,
			);
			path = Custom;
			sourceTree = "<group>";
		};
		9E8D92DC2B0CC331007955FE /* ViewController */ = {
			isa = PBXGroup;
			children = (
				9E8D929D2B0CC1E8007955FE /* TableView */,
				9E8D929C2B0CC1E0007955FE /* CollectionView */,
				9E8D929B2B0CC1D7007955FE /* AlertController */,
				9E8D929A2B0CC1D2007955FE /* NotificationCenter */,
				9E8D92992B0CC1CE007955FE /* Gesture */,
			);
			path = ViewController;
			sourceTree = "<group>";
		};
		9E8D92DD2B0CC343007955FE /* Basic */ = {
			isa = PBXGroup;
			children = (
				9E8D92A22B0CC1FC007955FE /* Binding */,
				9E8D92A12B0CC1F8007955FE /* Traits */,
				9E8D929E2B0CC1EC007955FE /* Signal */,
			);
			path = Basic;
			sourceTree = "<group>";
		};
		9EB07C1F2B03830C00E39198 /* Creating Operators */ = {
			isa = PBXGroup;
			children = (
				9EB07C202B0383DB00E39198 /* just.playground */,
				9EB07C212B0385A800E39198 /* of.playground */,
				9EB07C222B03869B00E39198 /* from.playground */,
				9EB07C242B03875700E39198 /* range.playground */,
				9EB07C232B03874300E39198 /* generate.playground */,
				9E3753422B038C9D0003DF02 /* repeatElement.playground */,
				9E3753432B0390910003DF02 /* deferred.playground */,
				9E3753452B0391F80003DF02 /* create.playground */,
				9E3753442B0391E00003DF02 /* empty.playground */,
				9E3753462B03920A0003DF02 /* error.playground */,
			);
			path = "Creating Operators";
			sourceTree = "<group>";
		};
		9ED2C9602B144D25008E01F9 /* RxDatasource */ = {
			isa = PBXGroup;
			children = (
				9ED2C9622B144DF3008E01F9 /* TableView */,
				9ED2C9612B144DED008E01F9 /* CollectionView */,
			);
			path = RxDatasource;
			sourceTree = "<group>";
		};
		9ED2C9612B144DED008E01F9 /* CollectionView */ = {
			isa = PBXGroup;
			children = (
				9EEED4502B1579390044E88D /* RandomColor.swift */,
				9ED2C9692B144E78008E01F9 /* RxCollectionView.storyboard */,
				9ED2C9652B144E6F008E01F9 /* RxCollectionViewController.swift */,
				9EEED4522B158CEA0044E88D /* TitleReusableView.swift */,
			);
			path = CollectionView;
			sourceTree = "<group>";
		};
		9ED2C9622B144DF3008E01F9 /* TableView */ = {
			isa = PBXGroup;
			children = (
				9ED2C9712B14553D008E01F9 /* TodoData.swift */,
				9ED2C9672B144E73008E01F9 /* RxTableView.storyboard */,
				9ED2C9632B144E6A008E01F9 /* RxTableViewController.swift */,
			);
			path = TableView;
			sourceTree = "<group>";
		};
		9EE7FFF42B0AF29B00E51E36 /* Sharing Subscription */ = {
			isa = PBXGroup;
			children = (
				9EE7FFF52B0AF4FC00E51E36 /* multicast.playground */,
				9EE7FFF62B0AFBA600E51E36 /* publish.playground */,
				9EE7FFF72B0AFD2200E51E36 /* refCount.playground */,
				9EE7FFF82B0AFFD000E51E36 /* share.playground */,
			);
			path = "Sharing Subscription";
			sourceTree = "<group>";
		};
		9EE7FFF92B0B01A900E51E36 /* Schedular */ = {
			isa = PBXGroup;
			children = (
				9EE7FFFA2B0B01B800E51E36 /* schedular.playground */,
			);
			name = Schedular;
			sourceTree = "<group>";
		};
		9EE7FFFB2B0B125D00E51E36 /* Error Handling */ = {
			isa = PBXGroup;
			children = (
				9EE7FFFC2B0B126900E51E36 /* catch.playground */,
				9EE7FFFD2B0B162900E51E36 /* catchAndReturn .playground */,
				9EE7FFFE2B0B168800E51E36 /* retry.playground */,
				9EE7FFFF2B0B174E00E51E36 /* retryWhen.playground */,
			);
			path = "Error Handling";
			sourceTree = "<group>";
		};
/* End PBXGroup section */

/* Begin PBXNativeTarget section */
		9E1765D92B013B8C000B2121 /* HelloRxSwift */ = {
			isa = PBXNativeTarget;
			buildConfigurationList = 9E1765EE2B013B8D000B2121 /* Build configuration list for PBXNativeTarget "HelloRxSwift" */;
			buildPhases = (
				9E1765D62B013B8C000B2121 /* Sources */,
				9E1765D72B013B8C000B2121 /* Frameworks */,
				9E1765D82B013B8C000B2121 /* Resources */,
			);
			buildRules = (
			);
			dependencies = (
			);
			name = HelloRxSwift;
			packageProductDependencies = (
				9E1765F72B013BDA000B2121 /* RxBlocking */,
				9E1765F92B013BDA000B2121 /* RxBlocking-Dynamic */,
				9E1765FB2B013BDA000B2121 /* RxCocoa */,
				9E1765FD2B013BDA000B2121 /* RxCocoa-Dynamic */,
				9E1765FF2B013BDA000B2121 /* RxRelay */,
				9ED2C96D2B1454B1008E01F9 /* Differentiator */,
				9ED2C96F2B1454B1008E01F9 /* RxDataSources */,
			);
			productName = HelloRxSwift;
			productReference = 9E1765DA2B013B8C000B2121 /* HelloRxSwift.app */;
			productType = "com.apple.product-type.application";
		};
/* End PBXNativeTarget section */

/* Begin PBXProject section */
		9E1765D22B013B8C000B2121 /* Project object */ = {
			isa = PBXProject;
			attributes = {
				BuildIndependentTargetsInParallel = 1;
				LastSwiftUpdateCheck = 1500;
				LastUpgradeCheck = 1500;
				TargetAttributes = {
					9E1765D92B013B8C000B2121 = {
						CreatedOnToolsVersion = 15.0.1;
					};
				};
			};
			buildConfigurationList = 9E1765D52B013B8C000B2121 /* Build configuration list for PBXProject "HelloRxSwift" */;
			compatibilityVersion = "Xcode 14.0";
			developmentRegion = en;
			hasScannedForEncodings = 0;
			knownRegions = (
				en,
				Base,
			);
			mainGroup = 9E1765D12B013B8C000B2121;
			packageReferences = (
				9E1765F62B013BDA000B2121 /* XCRemoteSwiftPackageReference "RxSwift" */,
				9ED2C96C2B1454B1008E01F9 /* XCRemoteSwiftPackageReference "RxDataSources" */,
			);
			productRefGroup = 9E1765DB2B013B8C000B2121 /* Products */;
			projectDirPath = "";
			projectRoot = "";
			targets = (
				9E1765D92B013B8C000B2121 /* HelloRxSwift */,
			);
		};
/* End PBXProject section */

/* Begin PBXResourcesBuildPhase section */
		9E1765D82B013B8C000B2121 /* Resources */ = {
			isa = PBXResourcesBuildPhase;
			buildActionMask = 2147483647;
			files = (
				9E8D92BC2B0CC247007955FE /* CustomControlProperty.storyboard in Resources */,
				9E8D92BE2B0CC24C007955FE /* DelegateProxy.storyboard in Resources */,
				9E8D92B42B0CC22E007955FE /* NotificationCenter.storyboard in Resources */,
				9E8D92A42B0CC209007955FE /* Binding.storyboard in Resources */,
				9E8D92B82B0CC23A007955FE /* CustomBinding.storyboard in Resources */,
				9E8D92A62B0CC20D007955FE /* Traits.storyboard in Resources */,
				9ED2C96A2B144E78008E01F9 /* RxCollectionView.storyboard in Resources */,
				9E8D92AE2B0CC21F007955FE /* TableView.storyboard in Resources */,
				9E1765EA2B013B8D000B2121 /* LaunchScreen.storyboard in Resources */,
				9E1765E72B013B8D000B2121 /* Assets.xcassets in Resources */,
				9E8D92B22B0CC228007955FE /* AlertController.storyboard in Resources */,
				9E8D92B02B0CC223007955FE /* CollectionView.storyboard in Resources */,
				9E8D92AC2B0CC21B007955FE /* Signal.storyboard in Resources */,
				9E8D92BA2B0CC241007955FE /* CustomControlEvent.storyboard in Resources */,
				9E1765E52B013B8C000B2121 /* Main.storyboard in Resources */,
				9ED2C9682B144E73008E01F9 /* RxTableView.storyboard in Resources */,
				9E8D92B62B0CC232007955FE /* Gesture.storyboard in Resources */,
			);
			runOnlyForDeploymentPostprocessing = 0;
		};
/* End PBXResourcesBuildPhase section */

/* Begin PBXSourcesBuildPhase section */
		9E1765D62B013B8C000B2121 /* Sources */ = {
			isa = PBXSourcesBuildPhase;
			buildActionMask = 2147483647;
			files = (
				9E8D92D02B0CC2BD007955FE /* NotificationCenterViewController.swift in Sources */,
				9EEED4532B158CEA0044E88D /* TitleReusableView.swift in Sources */,
				9E8D92DA2B0CC2DD007955FE /* DelegateProxyViewController.swift in Sources */,
				9ED2C9642B144E6A008E01F9 /* RxTableViewController.swift in Sources */,
				9ED38D782B0CD6D40067AA14 /* MaterialColor.swift in Sources */,
				9E8D92D22B0CC2C2007955FE /* GestureViewController.swift in Sources */,
				9E8D92C02B0CC291007955FE /* BindingViewController.swift in Sources */,
				9ED38D822B0D92860067AA14 /* AlertViewModel.swift in Sources */,
				9E8D92CA2B0CC2AE007955FE /* TableViewViewController.swift in Sources */,
				9ED2C9662B144E6F008E01F9 /* RxCollectionViewController.swift in Sources */,
				9ED38D762B0CD6C50067AA14 /* Product.swift in Sources */,
				9E8D92D82B0CC2D7007955FE /* CustomControlPropertyViewController.swift in Sources */,
				9E8D92D62B0CC2CE007955FE /* CustomControlEventViewController.swift in Sources */,
				9ED38D802B0CFB7E0067AA14 /* CollectionViewModel.swift in Sources */,
				9ED2C9722B14553D008E01F9 /* TodoData.swift in Sources */,
				9E8D92D42B0CC2C7007955FE /* CustomBindingViewController.swift in Sources */,
				9ED38D7E2B0CF8D00067AA14 /* ColorCollectionViewCell.swift in Sources */,
				9E8D92C82B0CC2A8007955FE /* SignalViewController.swift in Sources */,
				9ED38D7A2B0CD6DB0067AA14 /* ProductTableViewCell.swift in Sources */,
				9E1765DE2B013B8C000B2121 /* AppDelegate.swift in Sources */,
				9E1765E02B013B8C000B2121 /* SceneDelegate.swift in Sources */,
				9E8D92C22B0CC298007955FE /* TraitsViewController.swift in Sources */,
				9ED38D7C2B0CE99D0067AA14 /* TableViewModel.swift in Sources */,
				9E8D92CE2B0CC2B7007955FE /* AlertViewController.swift in Sources */,
				9E8D92CC2B0CC2B3007955FE /* CollectionViewViewController.swift in Sources */,
				9EEED4512B1579390044E88D /* RandomColor.swift in Sources */,
				9ED38D742B0CCBD90067AA14 /* TraitsViewModel.swift in Sources */,
			);
			runOnlyForDeploymentPostprocessing = 0;
		};
/* End PBXSourcesBuildPhase section */

/* Begin PBXVariantGroup section */
		9E1765E32B013B8C000B2121 /* Main.storyboard */ = {
			isa = PBXVariantGroup;
			children = (
				9E1765E42B013B8C000B2121 /* Base */,
			);
			name = Main.storyboard;
			sourceTree = "<group>";
		};
		9E1765E82B013B8D000B2121 /* LaunchScreen.storyboard */ = {
			isa = PBXVariantGroup;
			children = (
				9E1765E92B013B8D000B2121 /* Base */,
			);
			name = LaunchScreen.storyboard;
			sourceTree = "<group>";
		};
/* End PBXVariantGroup section */

/* Begin XCBuildConfiguration section */
		9E1765EC2B013B8D000B2121 /* Debug */ = {
			isa = XCBuildConfiguration;
			buildSettings = {
				ALWAYS_SEARCH_USER_PATHS = NO;
				ASSETCATALOG_COMPILER_GENERATE_SWIFT_ASSET_SYMBOL_EXTENSIONS = YES;
				CLANG_ANALYZER_NONNULL = YES;
				CLANG_ANALYZER_NUMBER_OBJECT_CONVERSION = YES_AGGRESSIVE;
				CLANG_CXX_LANGUAGE_STANDARD = "gnu++20";
				CLANG_ENABLE_MODULES = YES;
				CLANG_ENABLE_OBJC_ARC = YES;
				CLANG_ENABLE_OBJC_WEAK = YES;
				CLANG_WARN_BLOCK_CAPTURE_AUTORELEASING = YES;
				CLANG_WARN_BOOL_CONVERSION = YES;
				CLANG_WARN_COMMA = YES;
				CLANG_WARN_CONSTANT_CONVERSION = YES;
				CLANG_WARN_DEPRECATED_OBJC_IMPLEMENTATIONS = YES;
				CLANG_WARN_DIRECT_OBJC_ISA_USAGE = YES_ERROR;
				CLANG_WARN_DOCUMENTATION_COMMENTS = YES;
				CLANG_WARN_EMPTY_BODY = YES;
				CLANG_WARN_ENUM_CONVERSION = YES;
				CLANG_WARN_INFINITE_RECURSION = YES;
				CLANG_WARN_INT_CONVERSION = YES;
				CLANG_WARN_NON_LITERAL_NULL_CONVERSION = YES;
				CLANG_WARN_OBJC_IMPLICIT_RETAIN_SELF = YES;
				CLANG_WARN_OBJC_LITERAL_CONVERSION = YES;
				CLANG_WARN_OBJC_ROOT_CLASS = YES_ERROR;
				CLANG_WARN_QUOTED_INCLUDE_IN_FRAMEWORK_HEADER = YES;
				CLANG_WARN_RANGE_LOOP_ANALYSIS = YES;
				CLANG_WARN_STRICT_PROTOTYPES = YES;
				CLANG_WARN_SUSPICIOUS_MOVE = YES;
				CLANG_WARN_UNGUARDED_AVAILABILITY = YES_AGGRESSIVE;
				CLANG_WARN_UNREACHABLE_CODE = YES;
				CLANG_WARN__DUPLICATE_METHOD_MATCH = YES;
				COPY_PHASE_STRIP = NO;
				DEBUG_INFORMATION_FORMAT = dwarf;
				ENABLE_STRICT_OBJC_MSGSEND = YES;
				ENABLE_TESTABILITY = YES;
				ENABLE_USER_SCRIPT_SANDBOXING = YES;
				GCC_C_LANGUAGE_STANDARD = gnu17;
				GCC_DYNAMIC_NO_PIC = NO;
				GCC_NO_COMMON_BLOCKS = YES;
				GCC_OPTIMIZATION_LEVEL = 0;
				GCC_PREPROCESSOR_DEFINITIONS = (
					"DEBUG=1",
					"$(inherited)",
				);
				GCC_WARN_64_TO_32_BIT_CONVERSION = YES;
				GCC_WARN_ABOUT_RETURN_TYPE = YES_ERROR;
				GCC_WARN_UNDECLARED_SELECTOR = YES;
				GCC_WARN_UNINITIALIZED_AUTOS = YES_AGGRESSIVE;
				GCC_WARN_UNUSED_FUNCTION = YES;
				GCC_WARN_UNUSED_VARIABLE = YES;
				IPHONEOS_DEPLOYMENT_TARGET = 17.0;
				LOCALIZATION_PREFERS_STRING_CATALOGS = YES;
				MTL_ENABLE_DEBUG_INFO = INCLUDE_SOURCE;
				MTL_FAST_MATH = YES;
				ONLY_ACTIVE_ARCH = YES;
				SDKROOT = iphoneos;
				SWIFT_ACTIVE_COMPILATION_CONDITIONS = "DEBUG $(inherited)";
				SWIFT_OPTIMIZATION_LEVEL = "-Onone";
			};
			name = Debug;
		};
		9E1765ED2B013B8D000B2121 /* Release */ = {
			isa = XCBuildConfiguration;
			buildSettings = {
				ALWAYS_SEARCH_USER_PATHS = NO;
				ASSETCATALOG_COMPILER_GENERATE_SWIFT_ASSET_SYMBOL_EXTENSIONS = YES;
				CLANG_ANALYZER_NONNULL = YES;
				CLANG_ANALYZER_NUMBER_OBJECT_CONVERSION = YES_AGGRESSIVE;
				CLANG_CXX_LANGUAGE_STANDARD = "gnu++20";
				CLANG_ENABLE_MODULES = YES;
				CLANG_ENABLE_OBJC_ARC = YES;
				CLANG_ENABLE_OBJC_WEAK = YES;
				CLANG_WARN_BLOCK_CAPTURE_AUTORELEASING = YES;
				CLANG_WARN_BOOL_CONVERSION = YES;
				CLANG_WARN_COMMA = YES;
				CLANG_WARN_CONSTANT_CONVERSION = YES;
				CLANG_WARN_DEPRECATED_OBJC_IMPLEMENTATIONS = YES;
				CLANG_WARN_DIRECT_OBJC_ISA_USAGE = YES_ERROR;
				CLANG_WARN_DOCUMENTATION_COMMENTS = YES;
				CLANG_WARN_EMPTY_BODY = YES;
				CLANG_WARN_ENUM_CONVERSION = YES;
				CLANG_WARN_INFINITE_RECURSION = YES;
				CLANG_WARN_INT_CONVERSION = YES;
				CLANG_WARN_NON_LITERAL_NULL_CONVERSION = YES;
				CLANG_WARN_OBJC_IMPLICIT_RETAIN_SELF = YES;
				CLANG_WARN_OBJC_LITERAL_CONVERSION = YES;
				CLANG_WARN_OBJC_ROOT_CLASS = YES_ERROR;
				CLANG_WARN_QUOTED_INCLUDE_IN_FRAMEWORK_HEADER = YES;
				CLANG_WARN_RANGE_LOOP_ANALYSIS = YES;
				CLANG_WARN_STRICT_PROTOTYPES = YES;
				CLANG_WARN_SUSPICIOUS_MOVE = YES;
				CLANG_WARN_UNGUARDED_AVAILABILITY = YES_AGGRESSIVE;
				CLANG_WARN_UNREACHABLE_CODE = YES;
				CLANG_WARN__DUPLICATE_METHOD_MATCH = YES;
				COPY_PHASE_STRIP = NO;
				DEBUG_INFORMATION_FORMAT = "dwarf-with-dsym";
				ENABLE_NS_ASSERTIONS = NO;
				ENABLE_STRICT_OBJC_MSGSEND = YES;
				ENABLE_USER_SCRIPT_SANDBOXING = YES;
				GCC_C_LANGUAGE_STANDARD = gnu17;
				GCC_NO_COMMON_BLOCKS = YES;
				GCC_WARN_64_TO_32_BIT_CONVERSION = YES;
				GCC_WARN_ABOUT_RETURN_TYPE = YES_ERROR;
				GCC_WARN_UNDECLARED_SELECTOR = YES;
				GCC_WARN_UNINITIALIZED_AUTOS = YES_AGGRESSIVE;
				GCC_WARN_UNUSED_FUNCTION = YES;
				GCC_WARN_UNUSED_VARIABLE = YES;
				IPHONEOS_DEPLOYMENT_TARGET = 17.0;
				LOCALIZATION_PREFERS_STRING_CATALOGS = YES;
				MTL_ENABLE_DEBUG_INFO = NO;
				MTL_FAST_MATH = YES;
				SDKROOT = iphoneos;
				SWIFT_COMPILATION_MODE = wholemodule;
				VALIDATE_PRODUCT = YES;
			};
			name = Release;
		};
		9E1765EF2B013B8D000B2121 /* Debug */ = {
			isa = XCBuildConfiguration;
			buildSettings = {
				ASSETCATALOG_COMPILER_APPICON_NAME = AppIcon;
				ASSETCATALOG_COMPILER_GLOBAL_ACCENT_COLOR_NAME = AccentColor;
				CODE_SIGN_STYLE = Automatic;
				CURRENT_PROJECT_VERSION = 1;
				DEVELOPMENT_TEAM = 4DQM269FVB;
				GENERATE_INFOPLIST_FILE = YES;
				INFOPLIST_FILE = HelloRxSwift/Info.plist;
				INFOPLIST_KEY_UIApplicationSupportsIndirectInputEvents = YES;
				INFOPLIST_KEY_UILaunchStoryboardName = LaunchScreen;
				INFOPLIST_KEY_UIMainStoryboardFile = Main;
				INFOPLIST_KEY_UISupportedInterfaceOrientations_iPad = "UIInterfaceOrientationPortrait UIInterfaceOrientationPortraitUpsideDown UIInterfaceOrientationLandscapeLeft UIInterfaceOrientationLandscapeRight";
				INFOPLIST_KEY_UISupportedInterfaceOrientations_iPhone = "UIInterfaceOrientationPortrait UIInterfaceOrientationLandscapeLeft UIInterfaceOrientationLandscapeRight";
				LD_RUNPATH_SEARCH_PATHS = (
					"$(inherited)",
					"@executable_path/Frameworks",
				);
				MARKETING_VERSION = 1.0;
				PRODUCT_BUNDLE_IDENTIFIER = "com.kunwoo-kim.HelloRxSwift";
				PRODUCT_NAME = "$(TARGET_NAME)";
				SWIFT_EMIT_LOC_STRINGS = YES;
				SWIFT_VERSION = 5.0;
				TARGETED_DEVICE_FAMILY = "1,2";
			};
			name = Debug;
		};
		9E1765F02B013B8D000B2121 /* Release */ = {
			isa = XCBuildConfiguration;
			buildSettings = {
				ASSETCATALOG_COMPILER_APPICON_NAME = AppIcon;
				ASSETCATALOG_COMPILER_GLOBAL_ACCENT_COLOR_NAME = AccentColor;
				CODE_SIGN_STYLE = Automatic;
				CURRENT_PROJECT_VERSION = 1;
				DEVELOPMENT_TEAM = 4DQM269FVB;
				GENERATE_INFOPLIST_FILE = YES;
				INFOPLIST_FILE = HelloRxSwift/Info.plist;
				INFOPLIST_KEY_UIApplicationSupportsIndirectInputEvents = YES;
				INFOPLIST_KEY_UILaunchStoryboardName = LaunchScreen;
				INFOPLIST_KEY_UIMainStoryboardFile = Main;
				INFOPLIST_KEY_UISupportedInterfaceOrientations_iPad = "UIInterfaceOrientationPortrait UIInterfaceOrientationPortraitUpsideDown UIInterfaceOrientationLandscapeLeft UIInterfaceOrientationLandscapeRight";
				INFOPLIST_KEY_UISupportedInterfaceOrientations_iPhone = "UIInterfaceOrientationPortrait UIInterfaceOrientationLandscapeLeft UIInterfaceOrientationLandscapeRight";
				LD_RUNPATH_SEARCH_PATHS = (
					"$(inherited)",
					"@executable_path/Frameworks",
				);
				MARKETING_VERSION = 1.0;
				PRODUCT_BUNDLE_IDENTIFIER = "com.kunwoo-kim.HelloRxSwift";
				PRODUCT_NAME = "$(TARGET_NAME)";
				SWIFT_EMIT_LOC_STRINGS = YES;
				SWIFT_VERSION = 5.0;
				TARGETED_DEVICE_FAMILY = "1,2";
			};
			name = Release;
		};
/* End XCBuildConfiguration section */

/* Begin XCConfigurationList section */
		9E1765D52B013B8C000B2121 /* Build configuration list for PBXProject "HelloRxSwift" */ = {
			isa = XCConfigurationList;
			buildConfigurations = (
				9E1765EC2B013B8D000B2121 /* Debug */,
				9E1765ED2B013B8D000B2121 /* Release */,
			);
			defaultConfigurationIsVisible = 0;
			defaultConfigurationName = Release;
		};
		9E1765EE2B013B8D000B2121 /* Build configuration list for PBXNativeTarget "HelloRxSwift" */ = {
			isa = XCConfigurationList;
			buildConfigurations = (
				9E1765EF2B013B8D000B2121 /* Debug */,
				9E1765F02B013B8D000B2121 /* Release */,
			);
			defaultConfigurationIsVisible = 0;
			defaultConfigurationName = Release;
		};
/* End XCConfigurationList section */

/* Begin XCRemoteSwiftPackageReference section */
		9E1765F62B013BDA000B2121 /* XCRemoteSwiftPackageReference "RxSwift" */ = {
			isa = XCRemoteSwiftPackageReference;
			repositoryURL = "https://github.com/ReactiveX/RxSwift";
			requirement = {
				kind = upToNextMajorVersion;
				minimumVersion = 6.6.0;
			};
		};
		9ED2C96C2B1454B1008E01F9 /* XCRemoteSwiftPackageReference "RxDataSources" */ = {
			isa = XCRemoteSwiftPackageReference;
			repositoryURL = "https://github.com/RxSwiftCommunity/RxDataSources";
			requirement = {
				kind = upToNextMajorVersion;
				minimumVersion = 5.0.2;
			};
		};
/* End XCRemoteSwiftPackageReference section */

/* Begin XCSwiftPackageProductDependency section */
		9E1765F72B013BDA000B2121 /* RxBlocking */ = {
			isa = XCSwiftPackageProductDependency;
			package = 9E1765F62B013BDA000B2121 /* XCRemoteSwiftPackageReference "RxSwift" */;
			productName = RxBlocking;
		};
		9E1765F92B013BDA000B2121 /* RxBlocking-Dynamic */ = {
			isa = XCSwiftPackageProductDependency;
			package = 9E1765F62B013BDA000B2121 /* XCRemoteSwiftPackageReference "RxSwift" */;
			productName = "RxBlocking-Dynamic";
		};
		9E1765FB2B013BDA000B2121 /* RxCocoa */ = {
			isa = XCSwiftPackageProductDependency;
			package = 9E1765F62B013BDA000B2121 /* XCRemoteSwiftPackageReference "RxSwift" */;
			productName = RxCocoa;
		};
		9E1765FD2B013BDA000B2121 /* RxCocoa-Dynamic */ = {
			isa = XCSwiftPackageProductDependency;
			package = 9E1765F62B013BDA000B2121 /* XCRemoteSwiftPackageReference "RxSwift" */;
			productName = "RxCocoa-Dynamic";
		};
		9E1765FF2B013BDA000B2121 /* RxRelay */ = {
			isa = XCSwiftPackageProductDependency;
			package = 9E1765F62B013BDA000B2121 /* XCRemoteSwiftPackageReference "RxSwift" */;
			productName = RxRelay;
		};
		9ED2C96D2B1454B1008E01F9 /* Differentiator */ = {
			isa = XCSwiftPackageProductDependency;
			package = 9ED2C96C2B1454B1008E01F9 /* XCRemoteSwiftPackageReference "RxDataSources" */;
			productName = Differentiator;
		};
		9ED2C96F2B1454B1008E01F9 /* RxDataSources */ = {
			isa = XCSwiftPackageProductDependency;
			package = 9ED2C96C2B1454B1008E01F9 /* XCRemoteSwiftPackageReference "RxDataSources" */;
			productName = RxDataSources;
		};
/* End XCSwiftPackageProductDependency section */
	};
	rootObject = 9E1765D22B013B8C000B2121 /* Project object */;
}
