// !$*UTF8*$!
{
	archiveVersion = 1;
	classes = {
	};
	objectVersion = 56;
	objects = {

/* Begin PBXBuildFile section */
		9E1765DE2B013B8C000B2121 /* AppDelegate.swift in Sources */ = {isa = PBXBuildFile; fileRef = 9E1765DD2B013B8C000B2121 /* AppDelegate.swift */; };
		9E1765E02B013B8C000B2121 /* SceneDelegate.swift in Sources */ = {isa = PBXBuildFile; fileRef = 9E1765DF2B013B8C000B2121 /* SceneDelegate.swift */; };
		9E1765E52B013B8C000B2121 /* Main.storyboard in Resources */ = {isa = PBXBuildFile; fileRef = 9E1765E32B013B8C000B2121 /* Main.storyboard */; };
		9E1765E72B013B8D000B2121 /* Assets.xcassets in Resources */ = {isa = PBXBuildFile; fileRef = 9E1765E62B013B8D000B2121 /* Assets.xcassets */; };
		9E1765EA2B013B8D000B2121 /* LaunchScreen.storyboard in Resources */ = {isa = PBXBuildFile; fileRef = 9E1765E82B013B8D000B2121 /* LaunchScreen.storyboard */; };
		9E1765F82B013BDA000B2121 /* RxBlocking in Frameworks */ = {isa = PBXBuildFile; productRef = 9E1765F72B013BDA000B2121 /* RxBlocking */; };
		9E1765FA2B013BDA000B2121 /* RxBlocking-Dynamic in Frameworks */ = {isa = PBXBuildFile; productRef = 9E1765F92B013BDA000B2121 /* RxBlocking-Dynamic */; };
		9E1765FC2B013BDA000B2121 /* RxCocoa in Frameworks */ = {isa = PBXBuildFile; productRef = 9E1765FB2B013BDA000B2121 /* RxCocoa */; };
		9E1765FE2B013BDA000B2121 /* RxCocoa-Dynamic in Frameworks */ = {isa = PBXBuildFile; productRef = 9E1765FD2B013BDA000B2121 /* RxCocoa-Dynamic */; };
		9E1766002B013BDA000B2121 /* RxRelay in Frameworks */ = {isa = PBXBuildFile; productRef = 9E1765FF2B013BDA000B2121 /* RxRelay */; };
/* End PBXBuildFile section */

/* Begin PBXFileReference section */
		9E1765DA2B013B8C000B2121 /* HelloRxSwift.app */ = {isa = PBXFileReference; explicitFileType = wrapper.application; includeInIndex = 0; path = HelloRxSwift.app; sourceTree = BUILT_PRODUCTS_DIR; };
		9E1765DD2B013B8C000B2121 /* AppDelegate.swift */ = {isa = PBXFileReference; lastKnownFileType = sourcecode.swift; path = AppDelegate.swift; sourceTree = "<group>"; };
		9E1765DF2B013B8C000B2121 /* SceneDelegate.swift */ = {isa = PBXFileReference; lastKnownFileType = sourcecode.swift; path = SceneDelegate.swift; sourceTree = "<group>"; };
		9E1765E42B013B8C000B2121 /* Base */ = {isa = PBXFileReference; lastKnownFileType = file.storyboard; name = Base; path = Base.lproj/Main.storyboard; sourceTree = "<group>"; };
		9E1765E62B013B8D000B2121 /* Assets.xcassets */ = {isa = PBXFileReference; lastKnownFileType = folder.assetcatalog; path = Assets.xcassets; sourceTree = "<group>"; };
		9E1765E92B013B8D000B2121 /* Base */ = {isa = PBXFileReference; lastKnownFileType = file.storyboard; name = Base; path = Base.lproj/LaunchScreen.storyboard; sourceTree = "<group>"; };
		9E1765EB2B013B8D000B2121 /* Info.plist */ = {isa = PBXFileReference; lastKnownFileType = text.plist.xml; path = Info.plist; sourceTree = "<group>"; };
		9E1766012B013C17000B2121 /* HelloRxSwift.playground */ = {isa = PBXFileReference; lastKnownFileType = file.playground; path = HelloRxSwift.playground; sourceTree = "<group>"; xcLanguageSpecificationIdentifier = xcode.lang.swift; };
		9E1766022B013C72000B2121 /* Observable.playground */ = {isa = PBXFileReference; lastKnownFileType = file.playground; path = Observable.playground; sourceTree = "<group>"; xcLanguageSpecificationIdentifier = xcode.lang.swift; };
/* End PBXFileReference section */

/* Begin PBXFrameworksBuildPhase section */
		9E1765D72B013B8C000B2121 /* Frameworks */ = {
			isa = PBXFrameworksBuildPhase;
			buildActionMask = 2147483647;
			files = (
				9E1766002B013BDA000B2121 /* RxRelay in Frameworks */,
				9E1765FE2B013BDA000B2121 /* RxCocoa-Dynamic in Frameworks */,
				9E1765FC2B013BDA000B2121 /* RxCocoa in Frameworks */,
				9E1765F82B013BDA000B2121 /* RxBlocking in Frameworks */,
				9E1765FA2B013BDA000B2121 /* RxBlocking-Dynamic in Frameworks */,
			);
			runOnlyForDeploymentPostprocessing = 0;
		};
/* End PBXFrameworksBuildPhase section */

/* Begin PBXGroup section */
		9E1765D12B013B8C000B2121 = {
			isa = PBXGroup;
			children = (
				9E1765DC2B013B8C000B2121 /* HelloRxSwift */,
				9E1765DB2B013B8C000B2121 /* Products */,
			);
			sourceTree = "<group>";
		};
		9E1765DB2B013B8C000B2121 /* Products */ = {
			isa = PBXGroup;
			children = (
				9E1765DA2B013B8C000B2121 /* HelloRxSwift.app */,
			);
			name = Products;
			sourceTree = "<group>";
		};
		9E1765DC2B013B8C000B2121 /* HelloRxSwift */ = {
			isa = PBXGroup;
			children = (
				9E1765F22B013B9C000B2121 /* RxSwift */,
				9E1765F12B013B95000B2121 /* RxCocoa */,
				9E1765E62B013B8D000B2121 /* Assets.xcassets */,
				9E1765E82B013B8D000B2121 /* LaunchScreen.storyboard */,
				9E1765EB2B013B8D000B2121 /* Info.plist */,
				9E1765DD2B013B8C000B2121 /* AppDelegate.swift */,
				9E1765DF2B013B8C000B2121 /* SceneDelegate.swift */,
			);
			path = HelloRxSwift;
			sourceTree = "<group>";
		};
		9E1765F12B013B95000B2121 /* RxCocoa */ = {
			isa = PBXGroup;
			children = (
				9E1765E32B013B8C000B2121 /* Main.storyboard */,
			);
			path = RxCocoa;
			sourceTree = "<group>";
		};
		9E1765F22B013B9C000B2121 /* RxSwift */ = {
			isa = PBXGroup;
			children = (
				9E1765F32B013BAF000B2121 /* Hello */,
				9E1765F42B013BB8000B2121 /* Observable */,
			);
			path = RxSwift;
			sourceTree = "<group>";
		};
		9E1765F32B013BAF000B2121 /* Hello */ = {
			isa = PBXGroup;
			children = (
				9E1766012B013C17000B2121 /* HelloRxSwift.playground */,
			);
			path = Hello;
			sourceTree = "<group>";
		};
		9E1765F42B013BB8000B2121 /* Observable */ = {
			isa = PBXGroup;
			children = (
				9E1766022B013C72000B2121 /* Observable.playground */,
			);
			path = Observable;
			sourceTree = "<group>";
		};
/* End PBXGroup section */

/* Begin PBXNativeTarget section */
		9E1765D92B013B8C000B2121 /* HelloRxSwift */ = {
			isa = PBXNativeTarget;
			buildConfigurationList = 9E1765EE2B013B8D000B2121 /* Build configuration list for PBXNativeTarget "HelloRxSwift" */;
			buildPhases = (
				9E1765D62B013B8C000B2121 /* Sources */,
				9E1765D72B013B8C000B2121 /* Frameworks */,
				9E1765D82B013B8C000B2121 /* Resources */,
			);
			buildRules = (
			);
			dependencies = (
			);
			name = HelloRxSwift;
			packageProductDependencies = (
				9E1765F72B013BDA000B2121 /* RxBlocking */,
				9E1765F92B013BDA000B2121 /* RxBlocking-Dynamic */,
				9E1765FB2B013BDA000B2121 /* RxCocoa */,
				9E1765FD2B013BDA000B2121 /* RxCocoa-Dynamic */,
				9E1765FF2B013BDA000B2121 /* RxRelay */,
			);
			productName = HelloRxSwift;
			productReference = 9E1765DA2B013B8C000B2121 /* HelloRxSwift.app */;
			productType = "com.apple.product-type.application";
		};
/* End PBXNativeTarget section */

/* Begin PBXProject section */
		9E1765D22B013B8C000B2121 /* Project object */ = {
			isa = PBXProject;
			attributes = {
				BuildIndependentTargetsInParallel = 1;
				LastSwiftUpdateCheck = 1500;
				LastUpgradeCheck = 1500;
				TargetAttributes = {
					9E1765D92B013B8C000B2121 = {
						CreatedOnToolsVersion = 15.0.1;
					};
				};
			};
			buildConfigurationList = 9E1765D52B013B8C000B2121 /* Build configuration list for PBXProject "HelloRxSwift" */;
			compatibilityVersion = "Xcode 14.0";
			developmentRegion = en;
			hasScannedForEncodings = 0;
			knownRegions = (
				en,
				Base,
			);
			mainGroup = 9E1765D12B013B8C000B2121;
			packageReferences = (
				9E1765F62B013BDA000B2121 /* XCRemoteSwiftPackageReference "RxSwift" */,
			);
			productRefGroup = 9E1765DB2B013B8C000B2121 /* Products */;
			projectDirPath = "";
			projectRoot = "";
			targets = (
				9E1765D92B013B8C000B2121 /* HelloRxSwift */,
			);
		};
/* End PBXProject section */

/* Begin PBXResourcesBuildPhase section */
		9E1765D82B013B8C000B2121 /* Resources */ = {
			isa = PBXResourcesBuildPhase;
			buildActionMask = 2147483647;
			files = (
				9E1765EA2B013B8D000B2121 /* LaunchScreen.storyboard in Resources */,
				9E1765E72B013B8D000B2121 /* Assets.xcassets in Resources */,
				9E1765E52B013B8C000B2121 /* Main.storyboard in Resources */,
			);
			runOnlyForDeploymentPostprocessing = 0;
		};
/* End PBXResourcesBuildPhase section */

/* Begin PBXSourcesBuildPhase section */
		9E1765D62B013B8C000B2121 /* Sources */ = {
			isa = PBXSourcesBuildPhase;
			buildActionMask = 2147483647;
			files = (
				9E1765DE2B013B8C000B2121 /* AppDelegate.swift in Sources */,
				9E1765E02B013B8C000B2121 /* SceneDelegate.swift in Sources */,
			);
			runOnlyForDeploymentPostprocessing = 0;
		};
/* End PBXSourcesBuildPhase section */

/* Begin PBXVariantGroup section */
		9E1765E32B013B8C000B2121 /* Main.storyboard */ = {
			isa = PBXVariantGroup;
			children = (
				9E1765E42B013B8C000B2121 /* Base */,
			);
			name = Main.storyboard;
			sourceTree = "<group>";
		};
		9E1765E82B013B8D000B2121 /* LaunchScreen.storyboard */ = {
			isa = PBXVariantGroup;
			children = (
				9E1765E92B013B8D000B2121 /* Base */,
			);
			name = LaunchScreen.storyboard;
			sourceTree = "<group>";
		};
/* End PBXVariantGroup section */

/* Begin XCBuildConfiguration section */
		9E1765EC2B013B8D000B2121 /* Debug */ = {
			isa = XCBuildConfiguration;
			buildSettings = {
				ALWAYS_SEARCH_USER_PATHS = NO;
				ASSETCATALOG_COMPILER_GENERATE_SWIFT_ASSET_SYMBOL_EXTENSIONS = YES;
				CLANG_ANALYZER_NONNULL = YES;
				CLANG_ANALYZER_NUMBER_OBJECT_CONVERSION = YES_AGGRESSIVE;
				CLANG_CXX_LANGUAGE_STANDARD = "gnu++20";
				CLANG_ENABLE_MODULES = YES;
				CLANG_ENABLE_OBJC_ARC = YES;
				CLANG_ENABLE_OBJC_WEAK = YES;
				CLANG_WARN_BLOCK_CAPTURE_AUTORELEASING = YES;
				CLANG_WARN_BOOL_CONVERSION = YES;
				CLANG_WARN_COMMA = YES;
				CLANG_WARN_CONSTANT_CONVERSION = YES;
				CLANG_WARN_DEPRECATED_OBJC_IMPLEMENTATIONS = YES;
				CLANG_WARN_DIRECT_OBJC_ISA_USAGE = YES_ERROR;
				CLANG_WARN_DOCUMENTATION_COMMENTS = YES;
				CLANG_WARN_EMPTY_BODY = YES;
				CLANG_WARN_ENUM_CONVERSION = YES;
				CLANG_WARN_INFINITE_RECURSION = YES;
				CLANG_WARN_INT_CONVERSION = YES;
				CLANG_WARN_NON_LITERAL_NULL_CONVERSION = YES;
				CLANG_WARN_OBJC_IMPLICIT_RETAIN_SELF = YES;
				CLANG_WARN_OBJC_LITERAL_CONVERSION = YES;
				CLANG_WARN_OBJC_ROOT_CLASS = YES_ERROR;
				CLANG_WARN_QUOTED_INCLUDE_IN_FRAMEWORK_HEADER = YES;
				CLANG_WARN_RANGE_LOOP_ANALYSIS = YES;
				CLANG_WARN_STRICT_PROTOTYPES = YES;
				CLANG_WARN_SUSPICIOUS_MOVE = YES;
				CLANG_WARN_UNGUARDED_AVAILABILITY = YES_AGGRESSIVE;
				CLANG_WARN_UNREACHABLE_CODE = YES;
				CLANG_WARN__DUPLICATE_METHOD_MATCH = YES;
				COPY_PHASE_STRIP = NO;
				DEBUG_INFORMATION_FORMAT = dwarf;
				ENABLE_STRICT_OBJC_MSGSEND = YES;
				ENABLE_TESTABILITY = YES;
				ENABLE_USER_SCRIPT_SANDBOXING = YES;
				GCC_C_LANGUAGE_STANDARD = gnu17;
				GCC_DYNAMIC_NO_PIC = NO;
				GCC_NO_COMMON_BLOCKS = YES;
				GCC_OPTIMIZATION_LEVEL = 0;
				GCC_PREPROCESSOR_DEFINITIONS = (
					"DEBUG=1",
					"$(inherited)",
				);
				GCC_WARN_64_TO_32_BIT_CONVERSION = YES;
				GCC_WARN_ABOUT_RETURN_TYPE = YES_ERROR;
				GCC_WARN_UNDECLARED_SELECTOR = YES;
				GCC_WARN_UNINITIALIZED_AUTOS = YES_AGGRESSIVE;
				GCC_WARN_UNUSED_FUNCTION = YES;
				GCC_WARN_UNUSED_VARIABLE = YES;
				IPHONEOS_DEPLOYMENT_TARGET = 17.0;
				LOCALIZATION_PREFERS_STRING_CATALOGS = YES;
				MTL_ENABLE_DEBUG_INFO = INCLUDE_SOURCE;
				MTL_FAST_MATH = YES;
				ONLY_ACTIVE_ARCH = YES;
				SDKROOT = iphoneos;
				SWIFT_ACTIVE_COMPILATION_CONDITIONS = "DEBUG $(inherited)";
				SWIFT_OPTIMIZATION_LEVEL = "-Onone";
			};
			name = Debug;
		};
		9E1765ED2B013B8D000B2121 /* Release */ = {
			isa = XCBuildConfiguration;
			buildSettings = {
				ALWAYS_SEARCH_USER_PATHS = NO;
				ASSETCATALOG_COMPILER_GENERATE_SWIFT_ASSET_SYMBOL_EXTENSIONS = YES;
				CLANG_ANALYZER_NONNULL = YES;
				CLANG_ANALYZER_NUMBER_OBJECT_CONVERSION = YES_AGGRESSIVE;
				CLANG_CXX_LANGUAGE_STANDARD = "gnu++20";
				CLANG_ENABLE_MODULES = YES;
				CLANG_ENABLE_OBJC_ARC = YES;
				CLANG_ENABLE_OBJC_WEAK = YES;
				CLANG_WARN_BLOCK_CAPTURE_AUTORELEASING = YES;
				CLANG_WARN_BOOL_CONVERSION = YES;
				CLANG_WARN_COMMA = YES;
				CLANG_WARN_CONSTANT_CONVERSION = YES;
				CLANG_WARN_DEPRECATED_OBJC_IMPLEMENTATIONS = YES;
				CLANG_WARN_DIRECT_OBJC_ISA_USAGE = YES_ERROR;
				CLANG_WARN_DOCUMENTATION_COMMENTS = YES;
				CLANG_WARN_EMPTY_BODY = YES;
				CLANG_WARN_ENUM_CONVERSION = YES;
				CLANG_WARN_INFINITE_RECURSION = YES;
				CLANG_WARN_INT_CONVERSION = YES;
				CLANG_WARN_NON_LITERAL_NULL_CONVERSION = YES;
				CLANG_WARN_OBJC_IMPLICIT_RETAIN_SELF = YES;
				CLANG_WARN_OBJC_LITERAL_CONVERSION = YES;
				CLANG_WARN_OBJC_ROOT_CLASS = YES_ERROR;
				CLANG_WARN_QUOTED_INCLUDE_IN_FRAMEWORK_HEADER = YES;
				CLANG_WARN_RANGE_LOOP_ANALYSIS = YES;
				CLANG_WARN_STRICT_PROTOTYPES = YES;
				CLANG_WARN_SUSPICIOUS_MOVE = YES;
				CLANG_WARN_UNGUARDED_AVAILABILITY = YES_AGGRESSIVE;
				CLANG_WARN_UNREACHABLE_CODE = YES;
				CLANG_WARN__DUPLICATE_METHOD_MATCH = YES;
				COPY_PHASE_STRIP = NO;
				DEBUG_INFORMATION_FORMAT = "dwarf-with-dsym";
				ENABLE_NS_ASSERTIONS = NO;
				ENABLE_STRICT_OBJC_MSGSEND = YES;
				ENABLE_USER_SCRIPT_SANDBOXING = YES;
				GCC_C_LANGUAGE_STANDARD = gnu17;
				GCC_NO_COMMON_BLOCKS = YES;
				GCC_WARN_64_TO_32_BIT_CONVERSION = YES;
				GCC_WARN_ABOUT_RETURN_TYPE = YES_ERROR;
				GCC_WARN_UNDECLARED_SELECTOR = YES;
				GCC_WARN_UNINITIALIZED_AUTOS = YES_AGGRESSIVE;
				GCC_WARN_UNUSED_FUNCTION = YES;
				GCC_WARN_UNUSED_VARIABLE = YES;
				IPHONEOS_DEPLOYMENT_TARGET = 17.0;
				LOCALIZATION_PREFERS_STRING_CATALOGS = YES;
				MTL_ENABLE_DEBUG_INFO = NO;
				MTL_FAST_MATH = YES;
				SDKROOT = iphoneos;
				SWIFT_COMPILATION_MODE = wholemodule;
				VALIDATE_PRODUCT = YES;
			};
			name = Release;
		};
		9E1765EF2B013B8D000B2121 /* Debug */ = {
			isa = XCBuildConfiguration;
			buildSettings = {
				ASSETCATALOG_COMPILER_APPICON_NAME = AppIcon;
				ASSETCATALOG_COMPILER_GLOBAL_ACCENT_COLOR_NAME = AccentColor;
				CODE_SIGN_STYLE = Automatic;
				CURRENT_PROJECT_VERSION = 1;
				DEVELOPMENT_TEAM = 4DQM269FVB;
				GENERATE_INFOPLIST_FILE = YES;
				INFOPLIST_FILE = HelloRxSwift/Info.plist;
				INFOPLIST_KEY_UIApplicationSupportsIndirectInputEvents = YES;
				INFOPLIST_KEY_UILaunchStoryboardName = LaunchScreen;
				INFOPLIST_KEY_UIMainStoryboardFile = Main;
				INFOPLIST_KEY_UISupportedInterfaceOrientations_iPad = "UIInterfaceOrientationPortrait UIInterfaceOrientationPortraitUpsideDown UIInterfaceOrientationLandscapeLeft UIInterfaceOrientationLandscapeRight";
				INFOPLIST_KEY_UISupportedInterfaceOrientations_iPhone = "UIInterfaceOrientationPortrait UIInterfaceOrientationLandscapeLeft UIInterfaceOrientationLandscapeRight";
				LD_RUNPATH_SEARCH_PATHS = (
					"$(inherited)",
					"@executable_path/Frameworks",
				);
				MARKETING_VERSION = 1.0;
				PRODUCT_BUNDLE_IDENTIFIER = "com.kunwoo-kim.HelloRxSwift";
				PRODUCT_NAME = "$(TARGET_NAME)";
				SWIFT_EMIT_LOC_STRINGS = YES;
				SWIFT_VERSION = 5.0;
				TARGETED_DEVICE_FAMILY = "1,2";
			};
			name = Debug;
		};
		9E1765F02B013B8D000B2121 /* Release */ = {
			isa = XCBuildConfiguration;
			buildSettings = {
				ASSETCATALOG_COMPILER_APPICON_NAME = AppIcon;
				ASSETCATALOG_COMPILER_GLOBAL_ACCENT_COLOR_NAME = AccentColor;
				CODE_SIGN_STYLE = Automatic;
				CURRENT_PROJECT_VERSION = 1;
				DEVELOPMENT_TEAM = 4DQM269FVB;
				GENERATE_INFOPLIST_FILE = YES;
				INFOPLIST_FILE = HelloRxSwift/Info.plist;
				INFOPLIST_KEY_UIApplicationSupportsIndirectInputEvents = YES;
				INFOPLIST_KEY_UILaunchStoryboardName = LaunchScreen;
				INFOPLIST_KEY_UIMainStoryboardFile = Main;
				INFOPLIST_KEY_UISupportedInterfaceOrientations_iPad = "UIInterfaceOrientationPortrait UIInterfaceOrientationPortraitUpsideDown UIInterfaceOrientationLandscapeLeft UIInterfaceOrientationLandscapeRight";
				INFOPLIST_KEY_UISupportedInterfaceOrientations_iPhone = "UIInterfaceOrientationPortrait UIInterfaceOrientationLandscapeLeft UIInterfaceOrientationLandscapeRight";
				LD_RUNPATH_SEARCH_PATHS = (
					"$(inherited)",
					"@executable_path/Frameworks",
				);
				MARKETING_VERSION = 1.0;
				PRODUCT_BUNDLE_IDENTIFIER = "com.kunwoo-kim.HelloRxSwift";
				PRODUCT_NAME = "$(TARGET_NAME)";
				SWIFT_EMIT_LOC_STRINGS = YES;
				SWIFT_VERSION = 5.0;
				TARGETED_DEVICE_FAMILY = "1,2";
			};
			name = Release;
		};
/* End XCBuildConfiguration section */

/* Begin XCConfigurationList section */
		9E1765D52B013B8C000B2121 /* Build configuration list for PBXProject "HelloRxSwift" */ = {
			isa = XCConfigurationList;
			buildConfigurations = (
				9E1765EC2B013B8D000B2121 /* Debug */,
				9E1765ED2B013B8D000B2121 /* Release */,
			);
			defaultConfigurationIsVisible = 0;
			defaultConfigurationName = Release;
		};
		9E1765EE2B013B8D000B2121 /* Build configuration list for PBXNativeTarget "HelloRxSwift" */ = {
			isa = XCConfigurationList;
			buildConfigurations = (
				9E1765EF2B013B8D000B2121 /* Debug */,
				9E1765F02B013B8D000B2121 /* Release */,
			);
			defaultConfigurationIsVisible = 0;
			defaultConfigurationName = Release;
		};
/* End XCConfigurationList section */

/* Begin XCRemoteSwiftPackageReference section */
		9E1765F62B013BDA000B2121 /* XCRemoteSwiftPackageReference "RxSwift" */ = {
			isa = XCRemoteSwiftPackageReference;
			repositoryURL = "https://github.com/ReactiveX/RxSwift";
			requirement = {
				kind = upToNextMajorVersion;
				minimumVersion = 6.6.0;
			};
		};
/* End XCRemoteSwiftPackageReference section */

/* Begin XCSwiftPackageProductDependency section */
		9E1765F72B013BDA000B2121 /* RxBlocking */ = {
			isa = XCSwiftPackageProductDependency;
			package = 9E1765F62B013BDA000B2121 /* XCRemoteSwiftPackageReference "RxSwift" */;
			productName = RxBlocking;
		};
		9E1765F92B013BDA000B2121 /* RxBlocking-Dynamic */ = {
			isa = XCSwiftPackageProductDependency;
			package = 9E1765F62B013BDA000B2121 /* XCRemoteSwiftPackageReference "RxSwift" */;
			productName = "RxBlocking-Dynamic";
		};
		9E1765FB2B013BDA000B2121 /* RxCocoa */ = {
			isa = XCSwiftPackageProductDependency;
			package = 9E1765F62B013BDA000B2121 /* XCRemoteSwiftPackageReference "RxSwift" */;
			productName = RxCocoa;
		};
		9E1765FD2B013BDA000B2121 /* RxCocoa-Dynamic */ = {
			isa = XCSwiftPackageProductDependency;
			package = 9E1765F62B013BDA000B2121 /* XCRemoteSwiftPackageReference "RxSwift" */;
			productName = "RxCocoa-Dynamic";
		};
		9E1765FF2B013BDA000B2121 /* RxRelay */ = {
			isa = XCSwiftPackageProductDependency;
			package = 9E1765F62B013BDA000B2121 /* XCRemoteSwiftPackageReference "RxSwift" */;
			productName = RxRelay;
		};
/* End XCSwiftPackageProductDependency section */
	};
	rootObject = 9E1765D22B013B8C000B2121 /* Project object */;
}
